// !$*UTF8*$!
{
	archiveVersion = 1;
	classes = {
	};
	objectVersion = 46;
	objects = {

/* Begin PBXBuildFile section */
		1841159D2290698D383BB9BE /* libPods-ElectricBusinessPlatform.a in Frameworks */ = {isa = PBXBuildFile; fileRef = 57D391AC971FC65E1B92F189 /* libPods-ElectricBusinessPlatform.a */; };
		280BA9AA1F60F1C300EA2361 /* XSCSlidesHeadView.m in Sources */ = {isa = PBXBuildFile; fileRef = 280BA9A91F60F1C300EA2361 /* XSCSlidesHeadView.m */; };
		280BA9B31F61646B00EA2361 /* XSCCountDownheadView.m in Sources */ = {isa = PBXBuildFile; fileRef = 280BA9B21F61646B00EA2361 /* XSCCountDownheadView.m */; };
		280BA9B61F616AC800EA2361 /* DCNumericalScrollView.m in Sources */ = {isa = PBXBuildFile; fileRef = 280BA9B51F616AC800EA2361 /* DCNumericalScrollView.m */; };
		280BA9B91F616B0700EA2361 /* XSCSlidesFooterView.m in Sources */ = {isa = PBXBuildFile; fileRef = 280BA9B81F616B0700EA2361 /* XSCSlidesFooterView.m */; };
		2822B0A41F5FC282003027DC /* UIView+Extension.m in Sources */ = {isa = PBXBuildFile; fileRef = 2822B0A31F5FC282003027DC /* UIView+Extension.m */; };
		2822B0A71F5FE257003027DC /* XSCGoodsSurplusCell.m in Sources */ = {isa = PBXBuildFile; fileRef = 2822B0A61F5FE257003027DC /* XSCGoodsSurplusCell.m */; };
		2822B0AA1F5FE4CD003027DC /* XSCGoodsSurplusModel.m in Sources */ = {isa = PBXBuildFile; fileRef = 2822B0A91F5FE4CD003027DC /* XSCGoodsSurplusModel.m */; };
		2822B0AD1F5FF6B5003027DC /* XSCGoodsSectionTwoCell.m in Sources */ = {isa = PBXBuildFile; fileRef = 2822B0AC1F5FF6B5003027DC /* XSCGoodsSectionTwoCell.m */; };
		2822B0B01F5FFA2A003027DC /* XSCGoodsGodCell.m in Sources */ = {isa = PBXBuildFile; fileRef = 2822B0AF1F5FFA2A003027DC /* XSCGoodsGodCell.m */; };
		2822B0B31F6010F3003027DC /* XSCGoodsSectionThirdCell.m in Sources */ = {isa = PBXBuildFile; fileRef = 2822B0B21F6010F3003027DC /* XSCGoodsSectionThirdCell.m */; };
		2822B0B61F601C28003027DC /* XSCGoodsSectionFourthCell.m in Sources */ = {isa = PBXBuildFile; fileRef = 2822B0B51F601C28003027DC /* XSCGoodsSectionFourthCell.m */; };
		28283E9A1F6388090011DF34 /* SCGoodsSetVC.m in Sources */ = {isa = PBXBuildFile; fileRef = 28283E991F6388090011DF34 /* SCGoodsSetVC.m */; };
		28283E9D1F638AB50011DF34 /* SCNarSearchbarView.m in Sources */ = {isa = PBXBuildFile; fileRef = 28283E9C1F638AB50011DF34 /* SCNarSearchbarView.m */; };
		2828B4531F639A6E00B0C617 /* SCGoodsSetCell.m in Sources */ = {isa = PBXBuildFile; fileRef = 2828B4521F639A6E00B0C617 /* SCGoodsSetCell.m */; };
		2828B4561F639E0B00B0C617 /* SCGoodsSetModel.m in Sources */ = {isa = PBXBuildFile; fileRef = 2828B4551F639E0B00B0C617 /* SCGoodsSetModel.m */; };
		2828B4591F63C23400B0C617 /* SCGoodsSetTwoCell.m in Sources */ = {isa = PBXBuildFile; fileRef = 2828B4581F63C23400B0C617 /* SCGoodsSetTwoCell.m */; };
		2849199A1F6626D00069E891 /* SCGooodsBottomDetailFootView.m in Sources */ = {isa = PBXBuildFile; fileRef = 284919991F6626D00069E891 /* SCGooodsBottomDetailFootView.m */; };
		2858A7451F62362F000E6497 /* NormalButton.m in Sources */ = {isa = PBXBuildFile; fileRef = 2858A7441F62362F000E6497 /* NormalButton.m */; };
		2858A7481F6241D0000E6497 /* SCLeftTitleRightImg.m in Sources */ = {isa = PBXBuildFile; fileRef = 2858A7471F6241D0000E6497 /* SCLeftTitleRightImg.m */; };
		2858A74B1F6249A3000E6497 /* SCScrollAdFootView.m in Sources */ = {isa = PBXBuildFile; fileRef = 2858A74A1F6249A3000E6497 /* SCScrollAdFootView.m */; };
		2858A74E1F626920000E6497 /* SCGoodsTagHeadView.m in Sources */ = {isa = PBXBuildFile; fileRef = 2858A74D1F626920000E6497 /* SCGoodsTagHeadView.m */; };
		2858A7511F6269CF000E6497 /* SCRightImglefttitleBtn.m in Sources */ = {isa = PBXBuildFile; fileRef = 2858A7501F6269CF000E6497 /* SCRightImglefttitleBtn.m */; };
		2858A7541F62758B000E6497 /* SCPromptingFooterView.m in Sources */ = {isa = PBXBuildFile; fileRef = 2858A7531F62758B000E6497 /* SCPromptingFooterView.m */; };
		2858A7571F628A35000E6497 /* UIBarButtonItem+SCBarButtonItem.m in Sources */ = {isa = PBXBuildFile; fileRef = 2858A7561F628A35000E6497 /* UIBarButtonItem+SCBarButtonItem.m */; };
		2858A7801F6295CF000E6497 /* CodeScan.bundle in Resources */ = {isa = PBXBuildFile; fileRef = 2858A7591F6295CF000E6497 /* CodeScan.bundle */; };
		2858A7811F6295CF000E6497 /* LBXScanLineAnimation.m in Sources */ = {isa = PBXBuildFile; fileRef = 2858A75C1F6295CF000E6497 /* LBXScanLineAnimation.m */; };
		2858A7821F6295CF000E6497 /* LBXScanNative.m in Sources */ = {isa = PBXBuildFile; fileRef = 2858A75E1F6295CF000E6497 /* LBXScanNative.m */; };
		2858A7831F6295CF000E6497 /* LBXScanNetAnimation.m in Sources */ = {isa = PBXBuildFile; fileRef = 2858A7601F6295CF000E6497 /* LBXScanNetAnimation.m */; };
		2858A7841F6295CF000E6497 /* LBXScanResult.m in Sources */ = {isa = PBXBuildFile; fileRef = 2858A7621F6295CF000E6497 /* LBXScanResult.m */; };
		2858A7851F6295CF000E6497 /* LBXScanVideoZoomView.m in Sources */ = {isa = PBXBuildFile; fileRef = 2858A7641F6295CF000E6497 /* LBXScanVideoZoomView.m */; };
		2858A7861F6295CF000E6497 /* LBXScanView.m in Sources */ = {isa = PBXBuildFile; fileRef = 2858A7661F6295CF000E6497 /* LBXScanView.m */; };
		2858A7871F6295CF000E6497 /* LBXScanViewController.m in Sources */ = {isa = PBXBuildFile; fileRef = 2858A7681F6295CF000E6497 /* LBXScanViewController.m */; };
		2858A7881F6295CF000E6497 /* LBXScanViewStyle.m in Sources */ = {isa = PBXBuildFile; fileRef = 2858A76A1F6295CF000E6497 /* LBXScanViewStyle.m */; };
		2858A7891F6295CF000E6497 /* LBXScanWrapper.m in Sources */ = {isa = PBXBuildFile; fileRef = 2858A76C1F6295CF000E6497 /* LBXScanWrapper.m */; };
		2858A78A1F6295CF000E6497 /* LBXZXCapture.m in Sources */ = {isa = PBXBuildFile; fileRef = 2858A76E1F6295CF000E6497 /* LBXZXCapture.m */; };
		2858A78B1F6295CF000E6497 /* ZXingWrapper.m in Sources */ = {isa = PBXBuildFile; fileRef = 2858A7711F6295CF000E6497 /* ZXingWrapper.m */; };
		2858A78C1F6295CF000E6497 /* LBXAlertAction.m in Sources */ = {isa = PBXBuildFile; fileRef = 2858A7741F6295CF000E6497 /* LBXAlertAction.m */; };
		2858A78D1F6295CF000E6497 /* MyQRViewController.m in Sources */ = {isa = PBXBuildFile; fileRef = 2858A7761F6295CF000E6497 /* MyQRViewController.m */; };
		2858A78E1F6295CF000E6497 /* ScanResultViewController.m in Sources */ = {isa = PBXBuildFile; fileRef = 2858A7781F6295CF000E6497 /* ScanResultViewController.m */; };
		2858A78F1F6295CF000E6497 /* ScanResultViewController.xib in Resources */ = {isa = PBXBuildFile; fileRef = 2858A7791F6295CF000E6497 /* ScanResultViewController.xib */; };
		2858A7901F6295CF000E6497 /* SubLBXScanViewController.m in Sources */ = {isa = PBXBuildFile; fileRef = 2858A77B1F6295CF000E6497 /* SubLBXScanViewController.m */; };
		2858A7911F6295CF000E6497 /* UIActionSheet+LBXAlertAction.m in Sources */ = {isa = PBXBuildFile; fileRef = 2858A77D1F6295CF000E6497 /* UIActionSheet+LBXAlertAction.m */; };
		2858A7921F6295CF000E6497 /* UIAlertView+LBXAlertAction.m in Sources */ = {isa = PBXBuildFile; fileRef = 2858A77F1F6295CF000E6497 /* UIAlertView+LBXAlertAction.m */; };
		2858A7951F629EEE000E6497 /* SCRichScanResultVC.m in Sources */ = {isa = PBXBuildFile; fileRef = 2858A7941F629EEE000E6497 /* SCRichScanResultVC.m */; };
		288484391F31CE400099CE66 /* main.m in Sources */ = {isa = PBXBuildFile; fileRef = 288484381F31CE400099CE66 /* main.m */; };
		2884843F1F31CE400099CE66 /* ViewController.m in Sources */ = {isa = PBXBuildFile; fileRef = 2884843E1F31CE400099CE66 /* ViewController.m */; };
		288484421F31CE400099CE66 /* Main.storyboard in Resources */ = {isa = PBXBuildFile; fileRef = 288484401F31CE400099CE66 /* Main.storyboard */; };
		288484441F31CE400099CE66 /* Assets.xcassets in Resources */ = {isa = PBXBuildFile; fileRef = 288484431F31CE400099CE66 /* Assets.xcassets */; };
		288484471F31CE400099CE66 /* LaunchScreen.storyboard in Resources */ = {isa = PBXBuildFile; fileRef = 288484451F31CE400099CE66 /* LaunchScreen.storyboard */; };
		288484521F31CE400099CE66 /* ElectricBusinessPlatformTests.m in Sources */ = {isa = PBXBuildFile; fileRef = 288484511F31CE400099CE66 /* ElectricBusinessPlatformTests.m */; };
		2884845D1F31CE400099CE66 /* ElectricBusinessPlatformUITests.m in Sources */ = {isa = PBXBuildFile; fileRef = 2884845C1F31CE400099CE66 /* ElectricBusinessPlatformUITests.m */; };
		2884848B1F31D62B0099CE66 /* AppDelegate.m in Sources */ = {isa = PBXBuildFile; fileRef = 2884847E1F31D62B0099CE66 /* AppDelegate.m */; };
		2884848E1F31D6CD0099CE66 /* XSCNavigationController.m in Sources */ = {isa = PBXBuildFile; fileRef = 2884848D1F31D6CD0099CE66 /* XSCNavigationController.m */; };
		288484911F31D6FA0099CE66 /* XSCTabBarVC.m in Sources */ = {isa = PBXBuildFile; fileRef = 288484901F31D6FA0099CE66 /* XSCTabBarVC.m */; };
		288484941F31E4E50099CE66 /* XSCHomeVC.m in Sources */ = {isa = PBXBuildFile; fileRef = 288484931F31E4E50099CE66 /* XSCHomeVC.m */; };
		288484971F31E5110099CE66 /* XSCCategoryVC.m in Sources */ = {isa = PBXBuildFile; fileRef = 288484961F31E5110099CE66 /* XSCCategoryVC.m */; };
		2884849A1F31E53A0099CE66 /* XSCShoppingCarVC.m in Sources */ = {isa = PBXBuildFile; fileRef = 288484991F31E53A0099CE66 /* XSCShoppingCarVC.m */; };
		2884849D1F31E5B20099CE66 /* XSCMyAccountVC.m in Sources */ = {isa = PBXBuildFile; fileRef = 2884849C1F31E5B20099CE66 /* XSCMyAccountVC.m */; };
		28A05D8D1F53FE6300EE01B1 /* XSCGoodsGridCell.m in Sources */ = {isa = PBXBuildFile; fileRef = 28A05D8C1F53FE6300EE01B1 /* XSCGoodsGridCell.m */; };
		28A05D901F53FE9B00EE01B1 /* XSCGoodsCountDownCell.m in Sources */ = {isa = PBXBuildFile; fileRef = 28A05D8F1F53FE9B00EE01B1 /* XSCGoodsCountDownCell.m */; };
		28A05D931F540C2700EE01B1 /* GTCollectionViewFlowLayout.m in Sources */ = {isa = PBXBuildFile; fileRef = 28A05D921F540C2700EE01B1 /* GTCollectionViewFlowLayout.m */; };
		28A05DAD1F5413F400EE01B1 /* ClasiftyGoods.plist in Resources */ = {isa = PBXBuildFile; fileRef = 28A05D961F5413F400EE01B1 /* ClasiftyGoods.plist */; };
		28A05DAE1F5413F400EE01B1 /* ClassiftyGoods01.plist in Resources */ = {isa = PBXBuildFile; fileRef = 28A05D971F5413F400EE01B1 /* ClassiftyGoods01.plist */; };
		28A05DAF1F5413F400EE01B1 /* ClassiftyGoods02.plist in Resources */ = {isa = PBXBuildFile; fileRef = 28A05D981F5413F400EE01B1 /* ClassiftyGoods02.plist */; };
		28A05DB01F5413F400EE01B1 /* ClassiftyGoods03.plist in Resources */ = {isa = PBXBuildFile; fileRef = 28A05D991F5413F400EE01B1 /* ClassiftyGoods03.plist */; };
		28A05DB11F5413F400EE01B1 /* ClassifyTitles.plist in Resources */ = {isa = PBXBuildFile; fileRef = 28A05D9A1F5413F400EE01B1 /* ClassifyTitles.plist */; };
		28A05DB21F5413F400EE01B1 /* DetailRecommend.plist in Resources */ = {isa = PBXBuildFile; fileRef = 28A05D9B1F5413F400EE01B1 /* DetailRecommend.plist */; };
		28A05DB31F5413F400EE01B1 /* FiltrateItem.plist in Resources */ = {isa = PBXBuildFile; fileRef = 28A05D9C1F5413F400EE01B1 /* FiltrateItem.plist */; };
		28A05DB41F5413F400EE01B1 /* FootprintGoods.plist in Resources */ = {isa = PBXBuildFile; fileRef = 28A05D9D1F5413F400EE01B1 /* FootprintGoods.plist */; };
		28A05DB51F5413F400EE01B1 /* shareTerrace.plist in Resources */ = {isa = PBXBuildFile; fileRef = 28A05D9E1F5413F400EE01B1 /* shareTerrace.plist */; };
		28A05DB61F5413F400EE01B1 /* ShopItem.plist in Resources */ = {isa = PBXBuildFile; fileRef = 28A05D9F1F5413F400EE01B1 /* ShopItem.plist */; };
		28A05DB71F5413F400EE01B1 /* CommentPic.plist in Resources */ = {isa = PBXBuildFile; fileRef = 28A05DA11F5413F400EE01B1 /* CommentPic.plist */; };
		28A05DB81F5413F400EE01B1 /* DeliveryAdress.plist in Resources */ = {isa = PBXBuildFile; fileRef = 28A05DA21F5413F400EE01B1 /* DeliveryAdress.plist */; };
		28A05DB91F5413F400EE01B1 /* MessageNote.plist in Resources */ = {isa = PBXBuildFile; fileRef = 28A05DA31F5413F400EE01B1 /* MessageNote.plist */; };
		28A05DBA1F5413F400EE01B1 /* MyBuyFlow.plist in Resources */ = {isa = PBXBuildFile; fileRef = 28A05DA41F5413F400EE01B1 /* MyBuyFlow.plist */; };
		28A05DBB1F5413F400EE01B1 /* MyRecreationFlow.plist in Resources */ = {isa = PBXBuildFile; fileRef = 28A05DA51F5413F400EE01B1 /* MyRecreationFlow.plist */; };
		28A05DBC1F5413F400EE01B1 /* YouLikeGoods.plist in Resources */ = {isa = PBXBuildFile; fileRef = 28A05DA61F5413F400EE01B1 /* YouLikeGoods.plist */; };
		28A05DBD1F5413F400EE01B1 /* RecommendShop.plist in Resources */ = {isa = PBXBuildFile; fileRef = 28A05DA81F5413F400EE01B1 /* RecommendShop.plist */; };
		28A05DBE1F5413F400EE01B1 /* CountDownShop.plist in Resources */ = {isa = PBXBuildFile; fileRef = 28A05DAA1F5413F400EE01B1 /* CountDownShop.plist */; };
		28A05DBF1F5413F400EE01B1 /* GoodsGrid.plist in Resources */ = {isa = PBXBuildFile; fileRef = 28A05DAB1F5413F400EE01B1 /* GoodsGrid.plist */; };
		28A05DC01F5413F400EE01B1 /* HomeHighGoods.plist in Resources */ = {isa = PBXBuildFile; fileRef = 28A05DAC1F5413F400EE01B1 /* HomeHighGoods.plist */; };
		28A05DC31F54145400EE01B1 /* XSCGoodsGridsModel.m in Sources */ = {isa = PBXBuildFile; fileRef = 28A05DC21F54145400EE01B1 /* XSCGoodsGridsModel.m */; };
		28A05DC61F54147D00EE01B1 /* XSCRecommendModel.m in Sources */ = {isa = PBXBuildFile; fileRef = 28A05DC51F54147D00EE01B1 /* XSCRecommendModel.m */; };
		28E30E151F5FA30A00AA7064 /* categeryButton.m in Sources */ = {isa = PBXBuildFile; fileRef = 28E30E141F5FA30A00AA7064 /* categeryButton.m */; };
		28E30E181F5FA31300AA7064 /* JFTLabel.m in Sources */ = {isa = PBXBuildFile; fileRef = 28E30E171F5FA31300AA7064 /* JFTLabel.m */; };
		28E6B0261F4FF423004036AC /* XSCTabBar.m in Sources */ = {isa = PBXBuildFile; fileRef = 28E6B0251F4FF423004036AC /* XSCTabBar.m */; };
/* End PBXBuildFile section */

/* Begin PBXContainerItemProxy section */
		2884844E1F31CE400099CE66 /* PBXContainerItemProxy */ = {
			isa = PBXContainerItemProxy;
			containerPortal = 2884842C1F31CE400099CE66 /* Project object */;
			proxyType = 1;
			remoteGlobalIDString = 288484331F31CE400099CE66;
			remoteInfo = ElectricBusinessPlatform;
		};
		288484591F31CE400099CE66 /* PBXContainerItemProxy */ = {
			isa = PBXContainerItemProxy;
			containerPortal = 2884842C1F31CE400099CE66 /* Project object */;
			proxyType = 1;
			remoteGlobalIDString = 288484331F31CE400099CE66;
			remoteInfo = ElectricBusinessPlatform;
		};
/* End PBXContainerItemProxy section */

/* Begin PBXFileReference section */
		280BA9A81F60F1C300EA2361 /* XSCSlidesHeadView.h */ = {isa = PBXFileReference; fileEncoding = 4; lastKnownFileType = sourcecode.c.h; path = XSCSlidesHeadView.h; sourceTree = "<group>"; };
		280BA9A91F60F1C300EA2361 /* XSCSlidesHeadView.m */ = {isa = PBXFileReference; fileEncoding = 4; lastKnownFileType = sourcecode.c.objc; path = XSCSlidesHeadView.m; sourceTree = "<group>"; };
		280BA9B11F61646B00EA2361 /* XSCCountDownheadView.h */ = {isa = PBXFileReference; fileEncoding = 4; lastKnownFileType = sourcecode.c.h; path = XSCCountDownheadView.h; sourceTree = "<group>"; };
		280BA9B21F61646B00EA2361 /* XSCCountDownheadView.m */ = {isa = PBXFileReference; fileEncoding = 4; lastKnownFileType = sourcecode.c.objc; path = XSCCountDownheadView.m; sourceTree = "<group>"; };
		280BA9B41F616AC800EA2361 /* DCNumericalScrollView.h */ = {isa = PBXFileReference; fileEncoding = 4; lastKnownFileType = sourcecode.c.h; path = DCNumericalScrollView.h; sourceTree = "<group>"; };
		280BA9B51F616AC800EA2361 /* DCNumericalScrollView.m */ = {isa = PBXFileReference; fileEncoding = 4; lastKnownFileType = sourcecode.c.objc; path = DCNumericalScrollView.m; sourceTree = "<group>"; };
		280BA9B71F616B0700EA2361 /* XSCSlidesFooterView.h */ = {isa = PBXFileReference; fileEncoding = 4; lastKnownFileType = sourcecode.c.h; path = XSCSlidesFooterView.h; sourceTree = "<group>"; };
		280BA9B81F616B0700EA2361 /* XSCSlidesFooterView.m */ = {isa = PBXFileReference; fileEncoding = 4; lastKnownFileType = sourcecode.c.objc; path = XSCSlidesFooterView.m; sourceTree = "<group>"; };
		2822B0A21F5FC282003027DC /* UIView+Extension.h */ = {isa = PBXFileReference; fileEncoding = 4; lastKnownFileType = sourcecode.c.h; path = "UIView+Extension.h"; sourceTree = "<group>"; };
		2822B0A31F5FC282003027DC /* UIView+Extension.m */ = {isa = PBXFileReference; fileEncoding = 4; lastKnownFileType = sourcecode.c.objc; path = "UIView+Extension.m"; sourceTree = "<group>"; };
		2822B0A51F5FE257003027DC /* XSCGoodsSurplusCell.h */ = {isa = PBXFileReference; fileEncoding = 4; lastKnownFileType = sourcecode.c.h; path = XSCGoodsSurplusCell.h; sourceTree = "<group>"; };
		2822B0A61F5FE257003027DC /* XSCGoodsSurplusCell.m */ = {isa = PBXFileReference; fileEncoding = 4; lastKnownFileType = sourcecode.c.objc; path = XSCGoodsSurplusCell.m; sourceTree = "<group>"; };
		2822B0A81F5FE4CD003027DC /* XSCGoodsSurplusModel.h */ = {isa = PBXFileReference; fileEncoding = 4; lastKnownFileType = sourcecode.c.h; path = XSCGoodsSurplusModel.h; sourceTree = "<group>"; };
		2822B0A91F5FE4CD003027DC /* XSCGoodsSurplusModel.m */ = {isa = PBXFileReference; fileEncoding = 4; lastKnownFileType = sourcecode.c.objc; path = XSCGoodsSurplusModel.m; sourceTree = "<group>"; };
		2822B0AB1F5FF6B5003027DC /* XSCGoodsSectionTwoCell.h */ = {isa = PBXFileReference; fileEncoding = 4; lastKnownFileType = sourcecode.c.h; path = XSCGoodsSectionTwoCell.h; sourceTree = "<group>"; };
		2822B0AC1F5FF6B5003027DC /* XSCGoodsSectionTwoCell.m */ = {isa = PBXFileReference; fileEncoding = 4; lastKnownFileType = sourcecode.c.objc; path = XSCGoodsSectionTwoCell.m; sourceTree = "<group>"; };
		2822B0AE1F5FFA2A003027DC /* XSCGoodsGodCell.h */ = {isa = PBXFileReference; fileEncoding = 4; lastKnownFileType = sourcecode.c.h; path = XSCGoodsGodCell.h; sourceTree = "<group>"; };
		2822B0AF1F5FFA2A003027DC /* XSCGoodsGodCell.m */ = {isa = PBXFileReference; fileEncoding = 4; lastKnownFileType = sourcecode.c.objc; path = XSCGoodsGodCell.m; sourceTree = "<group>"; };
		2822B0B11F6010F3003027DC /* XSCGoodsSectionThirdCell.h */ = {isa = PBXFileReference; fileEncoding = 4; lastKnownFileType = sourcecode.c.h; path = XSCGoodsSectionThirdCell.h; sourceTree = "<group>"; };
		2822B0B21F6010F3003027DC /* XSCGoodsSectionThirdCell.m */ = {isa = PBXFileReference; fileEncoding = 4; lastKnownFileType = sourcecode.c.objc; path = XSCGoodsSectionThirdCell.m; sourceTree = "<group>"; };
		2822B0B41F601C28003027DC /* XSCGoodsSectionFourthCell.h */ = {isa = PBXFileReference; fileEncoding = 4; lastKnownFileType = sourcecode.c.h; path = XSCGoodsSectionFourthCell.h; sourceTree = "<group>"; };
		2822B0B51F601C28003027DC /* XSCGoodsSectionFourthCell.m */ = {isa = PBXFileReference; fileEncoding = 4; lastKnownFileType = sourcecode.c.objc; path = XSCGoodsSectionFourthCell.m; sourceTree = "<group>"; };
		28283E981F6388090011DF34 /* SCGoodsSetVC.h */ = {isa = PBXFileReference; fileEncoding = 4; lastKnownFileType = sourcecode.c.h; path = SCGoodsSetVC.h; sourceTree = "<group>"; };
		28283E991F6388090011DF34 /* SCGoodsSetVC.m */ = {isa = PBXFileReference; fileEncoding = 4; lastKnownFileType = sourcecode.c.objc; path = SCGoodsSetVC.m; sourceTree = "<group>"; };
		28283E9B1F638AB50011DF34 /* SCNarSearchbarView.h */ = {isa = PBXFileReference; fileEncoding = 4; lastKnownFileType = sourcecode.c.h; name = SCNarSearchbarView.h; path = ../Controller/SCNarSearchbarView.h; sourceTree = "<group>"; };
		28283E9C1F638AB50011DF34 /* SCNarSearchbarView.m */ = {isa = PBXFileReference; fileEncoding = 4; lastKnownFileType = sourcecode.c.objc; name = SCNarSearchbarView.m; path = ../Controller/SCNarSearchbarView.m; sourceTree = "<group>"; };
		2828B4511F639A6E00B0C617 /* SCGoodsSetCell.h */ = {isa = PBXFileReference; fileEncoding = 4; lastKnownFileType = sourcecode.c.h; path = SCGoodsSetCell.h; sourceTree = "<group>"; };
		2828B4521F639A6E00B0C617 /* SCGoodsSetCell.m */ = {isa = PBXFileReference; fileEncoding = 4; lastKnownFileType = sourcecode.c.objc; path = SCGoodsSetCell.m; sourceTree = "<group>"; };
		2828B4541F639E0B00B0C617 /* SCGoodsSetModel.h */ = {isa = PBXFileReference; fileEncoding = 4; lastKnownFileType = sourcecode.c.h; path = SCGoodsSetModel.h; sourceTree = "<group>"; };
		2828B4551F639E0B00B0C617 /* SCGoodsSetModel.m */ = {isa = PBXFileReference; fileEncoding = 4; lastKnownFileType = sourcecode.c.objc; path = SCGoodsSetModel.m; sourceTree = "<group>"; };
		2828B4571F63C23400B0C617 /* SCGoodsSetTwoCell.h */ = {isa = PBXFileReference; fileEncoding = 4; lastKnownFileType = sourcecode.c.h; path = SCGoodsSetTwoCell.h; sourceTree = "<group>"; };
		2828B4581F63C23400B0C617 /* SCGoodsSetTwoCell.m */ = {isa = PBXFileReference; fileEncoding = 4; lastKnownFileType = sourcecode.c.objc; path = SCGoodsSetTwoCell.m; sourceTree = "<group>"; };
		284919981F6626D00069E891 /* SCGooodsBottomDetailFootView.h */ = {isa = PBXFileReference; fileEncoding = 4; lastKnownFileType = sourcecode.c.h; path = SCGooodsBottomDetailFootView.h; sourceTree = "<group>"; };
		284919991F6626D00069E891 /* SCGooodsBottomDetailFootView.m */ = {isa = PBXFileReference; fileEncoding = 4; lastKnownFileType = sourcecode.c.objc; path = SCGooodsBottomDetailFootView.m; sourceTree = "<group>"; };
		2858A7431F62362F000E6497 /* NormalButton.h */ = {isa = PBXFileReference; fileEncoding = 4; lastKnownFileType = sourcecode.c.h; path = NormalButton.h; sourceTree = "<group>"; };
		2858A7441F62362F000E6497 /* NormalButton.m */ = {isa = PBXFileReference; fileEncoding = 4; lastKnownFileType = sourcecode.c.objc; path = NormalButton.m; sourceTree = "<group>"; };
		2858A7461F6241D0000E6497 /* SCLeftTitleRightImg.h */ = {isa = PBXFileReference; fileEncoding = 4; lastKnownFileType = sourcecode.c.h; path = SCLeftTitleRightImg.h; sourceTree = "<group>"; };
		2858A7471F6241D0000E6497 /* SCLeftTitleRightImg.m */ = {isa = PBXFileReference; fileEncoding = 4; lastKnownFileType = sourcecode.c.objc; path = SCLeftTitleRightImg.m; sourceTree = "<group>"; };
		2858A7491F6249A3000E6497 /* SCScrollAdFootView.h */ = {isa = PBXFileReference; fileEncoding = 4; lastKnownFileType = sourcecode.c.h; path = SCScrollAdFootView.h; sourceTree = "<group>"; };
		2858A74A1F6249A3000E6497 /* SCScrollAdFootView.m */ = {isa = PBXFileReference; fileEncoding = 4; lastKnownFileType = sourcecode.c.objc; path = SCScrollAdFootView.m; sourceTree = "<group>"; };
		2858A74C1F626920000E6497 /* SCGoodsTagHeadView.h */ = {isa = PBXFileReference; fileEncoding = 4; lastKnownFileType = sourcecode.c.h; path = SCGoodsTagHeadView.h; sourceTree = "<group>"; };
		2858A74D1F626920000E6497 /* SCGoodsTagHeadView.m */ = {isa = PBXFileReference; fileEncoding = 4; lastKnownFileType = sourcecode.c.objc; path = SCGoodsTagHeadView.m; sourceTree = "<group>"; };
		2858A74F1F6269CF000E6497 /* SCRightImglefttitleBtn.h */ = {isa = PBXFileReference; fileEncoding = 4; lastKnownFileType = sourcecode.c.h; path = SCRightImglefttitleBtn.h; sourceTree = "<group>"; };
		2858A7501F6269CF000E6497 /* SCRightImglefttitleBtn.m */ = {isa = PBXFileReference; fileEncoding = 4; lastKnownFileType = sourcecode.c.objc; path = SCRightImglefttitleBtn.m; sourceTree = "<group>"; };
		2858A7521F62758B000E6497 /* SCPromptingFooterView.h */ = {isa = PBXFileReference; fileEncoding = 4; lastKnownFileType = sourcecode.c.h; path = SCPromptingFooterView.h; sourceTree = "<group>"; };
		2858A7531F62758B000E6497 /* SCPromptingFooterView.m */ = {isa = PBXFileReference; fileEncoding = 4; lastKnownFileType = sourcecode.c.objc; path = SCPromptingFooterView.m; sourceTree = "<group>"; };
		2858A7551F628A35000E6497 /* UIBarButtonItem+SCBarButtonItem.h */ = {isa = PBXFileReference; fileEncoding = 4; lastKnownFileType = sourcecode.c.h; path = "UIBarButtonItem+SCBarButtonItem.h"; sourceTree = "<group>"; };
		2858A7561F628A35000E6497 /* UIBarButtonItem+SCBarButtonItem.m */ = {isa = PBXFileReference; fileEncoding = 4; lastKnownFileType = sourcecode.c.objc; path = "UIBarButtonItem+SCBarButtonItem.m"; sourceTree = "<group>"; };
		2858A7591F6295CF000E6497 /* CodeScan.bundle */ = {isa = PBXFileReference; lastKnownFileType = "wrapper.plug-in"; path = CodeScan.bundle; sourceTree = "<group>"; };
		2858A75B1F6295CF000E6497 /* LBXScanLineAnimation.h */ = {isa = PBXFileReference; fileEncoding = 4; lastKnownFileType = sourcecode.c.h; path = LBXScanLineAnimation.h; sourceTree = "<group>"; };
		2858A75C1F6295CF000E6497 /* LBXScanLineAnimation.m */ = {isa = PBXFileReference; fileEncoding = 4; lastKnownFileType = sourcecode.c.objc; path = LBXScanLineAnimation.m; sourceTree = "<group>"; };
		2858A75D1F6295CF000E6497 /* LBXScanNative.h */ = {isa = PBXFileReference; fileEncoding = 4; lastKnownFileType = sourcecode.c.h; path = LBXScanNative.h; sourceTree = "<group>"; };
		2858A75E1F6295CF000E6497 /* LBXScanNative.m */ = {isa = PBXFileReference; fileEncoding = 4; lastKnownFileType = sourcecode.c.objc; path = LBXScanNative.m; sourceTree = "<group>"; };
		2858A75F1F6295CF000E6497 /* LBXScanNetAnimation.h */ = {isa = PBXFileReference; fileEncoding = 4; lastKnownFileType = sourcecode.c.h; path = LBXScanNetAnimation.h; sourceTree = "<group>"; };
		2858A7601F6295CF000E6497 /* LBXScanNetAnimation.m */ = {isa = PBXFileReference; fileEncoding = 4; lastKnownFileType = sourcecode.c.objc; path = LBXScanNetAnimation.m; sourceTree = "<group>"; };
		2858A7611F6295CF000E6497 /* LBXScanResult.h */ = {isa = PBXFileReference; fileEncoding = 4; lastKnownFileType = sourcecode.c.h; path = LBXScanResult.h; sourceTree = "<group>"; };
		2858A7621F6295CF000E6497 /* LBXScanResult.m */ = {isa = PBXFileReference; fileEncoding = 4; lastKnownFileType = sourcecode.c.objc; path = LBXScanResult.m; sourceTree = "<group>"; };
		2858A7631F6295CF000E6497 /* LBXScanVideoZoomView.h */ = {isa = PBXFileReference; fileEncoding = 4; lastKnownFileType = sourcecode.c.h; path = LBXScanVideoZoomView.h; sourceTree = "<group>"; };
		2858A7641F6295CF000E6497 /* LBXScanVideoZoomView.m */ = {isa = PBXFileReference; fileEncoding = 4; lastKnownFileType = sourcecode.c.objc; path = LBXScanVideoZoomView.m; sourceTree = "<group>"; };
		2858A7651F6295CF000E6497 /* LBXScanView.h */ = {isa = PBXFileReference; fileEncoding = 4; lastKnownFileType = sourcecode.c.h; path = LBXScanView.h; sourceTree = "<group>"; };
		2858A7661F6295CF000E6497 /* LBXScanView.m */ = {isa = PBXFileReference; fileEncoding = 4; lastKnownFileType = sourcecode.c.objc; path = LBXScanView.m; sourceTree = "<group>"; };
		2858A7671F6295CF000E6497 /* LBXScanViewController.h */ = {isa = PBXFileReference; fileEncoding = 4; lastKnownFileType = sourcecode.c.h; path = LBXScanViewController.h; sourceTree = "<group>"; };
		2858A7681F6295CF000E6497 /* LBXScanViewController.m */ = {isa = PBXFileReference; fileEncoding = 4; lastKnownFileType = sourcecode.c.objc; path = LBXScanViewController.m; sourceTree = "<group>"; };
		2858A7691F6295CF000E6497 /* LBXScanViewStyle.h */ = {isa = PBXFileReference; fileEncoding = 4; lastKnownFileType = sourcecode.c.h; path = LBXScanViewStyle.h; sourceTree = "<group>"; };
		2858A76A1F6295CF000E6497 /* LBXScanViewStyle.m */ = {isa = PBXFileReference; fileEncoding = 4; lastKnownFileType = sourcecode.c.objc; path = LBXScanViewStyle.m; sourceTree = "<group>"; };
		2858A76B1F6295CF000E6497 /* LBXScanWrapper.h */ = {isa = PBXFileReference; fileEncoding = 4; lastKnownFileType = sourcecode.c.h; path = LBXScanWrapper.h; sourceTree = "<group>"; };
		2858A76C1F6295CF000E6497 /* LBXScanWrapper.m */ = {isa = PBXFileReference; fileEncoding = 4; lastKnownFileType = sourcecode.c.objc; path = LBXScanWrapper.m; sourceTree = "<group>"; };
		2858A76D1F6295CF000E6497 /* LBXZXCapture.h */ = {isa = PBXFileReference; fileEncoding = 4; lastKnownFileType = sourcecode.c.h; path = LBXZXCapture.h; sourceTree = "<group>"; };
		2858A76E1F6295CF000E6497 /* LBXZXCapture.m */ = {isa = PBXFileReference; fileEncoding = 4; lastKnownFileType = sourcecode.c.objc; path = LBXZXCapture.m; sourceTree = "<group>"; };
		2858A76F1F6295CF000E6497 /* LBXZXCaptureDelegate.h */ = {isa = PBXFileReference; fileEncoding = 4; lastKnownFileType = sourcecode.c.h; path = LBXZXCaptureDelegate.h; sourceTree = "<group>"; };
		2858A7701F6295CF000E6497 /* ZXingWrapper.h */ = {isa = PBXFileReference; fileEncoding = 4; lastKnownFileType = sourcecode.c.h; path = ZXingWrapper.h; sourceTree = "<group>"; };
		2858A7711F6295CF000E6497 /* ZXingWrapper.m */ = {isa = PBXFileReference; fileEncoding = 4; lastKnownFileType = sourcecode.c.objc; path = ZXingWrapper.m; sourceTree = "<group>"; };
		2858A7731F6295CF000E6497 /* LBXAlertAction.h */ = {isa = PBXFileReference; fileEncoding = 4; lastKnownFileType = sourcecode.c.h; path = LBXAlertAction.h; sourceTree = "<group>"; };
		2858A7741F6295CF000E6497 /* LBXAlertAction.m */ = {isa = PBXFileReference; fileEncoding = 4; lastKnownFileType = sourcecode.c.objc; path = LBXAlertAction.m; sourceTree = "<group>"; };
		2858A7751F6295CF000E6497 /* MyQRViewController.h */ = {isa = PBXFileReference; fileEncoding = 4; lastKnownFileType = sourcecode.c.h; path = MyQRViewController.h; sourceTree = "<group>"; };
		2858A7761F6295CF000E6497 /* MyQRViewController.m */ = {isa = PBXFileReference; fileEncoding = 4; lastKnownFileType = sourcecode.c.objc; path = MyQRViewController.m; sourceTree = "<group>"; };
		2858A7771F6295CF000E6497 /* ScanResultViewController.h */ = {isa = PBXFileReference; fileEncoding = 4; lastKnownFileType = sourcecode.c.h; path = ScanResultViewController.h; sourceTree = "<group>"; };
		2858A7781F6295CF000E6497 /* ScanResultViewController.m */ = {isa = PBXFileReference; fileEncoding = 4; lastKnownFileType = sourcecode.c.objc; path = ScanResultViewController.m; sourceTree = "<group>"; };
		2858A7791F6295CF000E6497 /* ScanResultViewController.xib */ = {isa = PBXFileReference; fileEncoding = 4; lastKnownFileType = file.xib; path = ScanResultViewController.xib; sourceTree = "<group>"; };
		2858A77A1F6295CF000E6497 /* SubLBXScanViewController.h */ = {isa = PBXFileReference; fileEncoding = 4; lastKnownFileType = sourcecode.c.h; path = SubLBXScanViewController.h; sourceTree = "<group>"; };
		2858A77B1F6295CF000E6497 /* SubLBXScanViewController.m */ = {isa = PBXFileReference; fileEncoding = 4; lastKnownFileType = sourcecode.c.objc; path = SubLBXScanViewController.m; sourceTree = "<group>"; };
		2858A77C1F6295CF000E6497 /* UIActionSheet+LBXAlertAction.h */ = {isa = PBXFileReference; fileEncoding = 4; lastKnownFileType = sourcecode.c.h; path = "UIActionSheet+LBXAlertAction.h"; sourceTree = "<group>"; };
		2858A77D1F6295CF000E6497 /* UIActionSheet+LBXAlertAction.m */ = {isa = PBXFileReference; fileEncoding = 4; lastKnownFileType = sourcecode.c.objc; path = "UIActionSheet+LBXAlertAction.m"; sourceTree = "<group>"; };
		2858A77E1F6295CF000E6497 /* UIAlertView+LBXAlertAction.h */ = {isa = PBXFileReference; fileEncoding = 4; lastKnownFileType = sourcecode.c.h; path = "UIAlertView+LBXAlertAction.h"; sourceTree = "<group>"; };
		2858A77F1F6295CF000E6497 /* UIAlertView+LBXAlertAction.m */ = {isa = PBXFileReference; fileEncoding = 4; lastKnownFileType = sourcecode.c.objc; path = "UIAlertView+LBXAlertAction.m"; sourceTree = "<group>"; };
		2858A7931F629EEE000E6497 /* SCRichScanResultVC.h */ = {isa = PBXFileReference; fileEncoding = 4; lastKnownFileType = sourcecode.c.h; path = SCRichScanResultVC.h; sourceTree = "<group>"; };
		2858A7941F629EEE000E6497 /* SCRichScanResultVC.m */ = {isa = PBXFileReference; fileEncoding = 4; lastKnownFileType = sourcecode.c.objc; path = SCRichScanResultVC.m; sourceTree = "<group>"; };
		288484341F31CE400099CE66 /* ElectricBusinessPlatform.app */ = {isa = PBXFileReference; explicitFileType = wrapper.application; includeInIndex = 0; path = ElectricBusinessPlatform.app; sourceTree = BUILT_PRODUCTS_DIR; };
		288484381F31CE400099CE66 /* main.m */ = {isa = PBXFileReference; lastKnownFileType = sourcecode.c.objc; path = main.m; sourceTree = "<group>"; };
		2884843D1F31CE400099CE66 /* ViewController.h */ = {isa = PBXFileReference; lastKnownFileType = sourcecode.c.h; path = ViewController.h; sourceTree = "<group>"; };
		2884843E1F31CE400099CE66 /* ViewController.m */ = {isa = PBXFileReference; lastKnownFileType = sourcecode.c.objc; path = ViewController.m; sourceTree = "<group>"; };
		288484411F31CE400099CE66 /* Base */ = {isa = PBXFileReference; lastKnownFileType = file.storyboard; name = Base; path = Base.lproj/Main.storyboard; sourceTree = "<group>"; };
		288484431F31CE400099CE66 /* Assets.xcassets */ = {isa = PBXFileReference; lastKnownFileType = folder.assetcatalog; path = Assets.xcassets; sourceTree = "<group>"; };
		288484461F31CE400099CE66 /* Base */ = {isa = PBXFileReference; lastKnownFileType = file.storyboard; name = Base; path = Base.lproj/LaunchScreen.storyboard; sourceTree = "<group>"; };
		288484481F31CE400099CE66 /* Info.plist */ = {isa = PBXFileReference; lastKnownFileType = text.plist.xml; path = Info.plist; sourceTree = "<group>"; };
		2884844D1F31CE400099CE66 /* ElectricBusinessPlatformTests.xctest */ = {isa = PBXFileReference; explicitFileType = wrapper.cfbundle; includeInIndex = 0; path = ElectricBusinessPlatformTests.xctest; sourceTree = BUILT_PRODUCTS_DIR; };
		288484511F31CE400099CE66 /* ElectricBusinessPlatformTests.m */ = {isa = PBXFileReference; lastKnownFileType = sourcecode.c.objc; path = ElectricBusinessPlatformTests.m; sourceTree = "<group>"; };
		288484531F31CE400099CE66 /* Info.plist */ = {isa = PBXFileReference; lastKnownFileType = text.plist.xml; path = Info.plist; sourceTree = "<group>"; };
		288484581F31CE400099CE66 /* ElectricBusinessPlatformUITests.xctest */ = {isa = PBXFileReference; explicitFileType = wrapper.cfbundle; includeInIndex = 0; path = ElectricBusinessPlatformUITests.xctest; sourceTree = BUILT_PRODUCTS_DIR; };
		2884845C1F31CE400099CE66 /* ElectricBusinessPlatformUITests.m */ = {isa = PBXFileReference; lastKnownFileType = sourcecode.c.objc; path = ElectricBusinessPlatformUITests.m; sourceTree = "<group>"; };
		2884845E1F31CE400099CE66 /* Info.plist */ = {isa = PBXFileReference; lastKnownFileType = text.plist.xml; path = Info.plist; sourceTree = "<group>"; };
		2884847D1F31D62B0099CE66 /* AppDelegate.h */ = {isa = PBXFileReference; fileEncoding = 4; lastKnownFileType = sourcecode.c.h; path = AppDelegate.h; sourceTree = "<group>"; };
		2884847E1F31D62B0099CE66 /* AppDelegate.m */ = {isa = PBXFileReference; fileEncoding = 4; lastKnownFileType = sourcecode.c.objc; path = AppDelegate.m; sourceTree = "<group>"; };
		2884848C1F31D6CD0099CE66 /* XSCNavigationController.h */ = {isa = PBXFileReference; fileEncoding = 4; lastKnownFileType = sourcecode.c.h; path = XSCNavigationController.h; sourceTree = "<group>"; };
		2884848D1F31D6CD0099CE66 /* XSCNavigationController.m */ = {isa = PBXFileReference; fileEncoding = 4; lastKnownFileType = sourcecode.c.objc; path = XSCNavigationController.m; sourceTree = "<group>"; };
		2884848F1F31D6FA0099CE66 /* XSCTabBarVC.h */ = {isa = PBXFileReference; fileEncoding = 4; lastKnownFileType = sourcecode.c.h; path = XSCTabBarVC.h; sourceTree = "<group>"; };
		288484901F31D6FA0099CE66 /* XSCTabBarVC.m */ = {isa = PBXFileReference; fileEncoding = 4; lastKnownFileType = sourcecode.c.objc; path = XSCTabBarVC.m; sourceTree = "<group>"; };
		288484921F31E4E50099CE66 /* XSCHomeVC.h */ = {isa = PBXFileReference; fileEncoding = 4; lastKnownFileType = sourcecode.c.h; path = XSCHomeVC.h; sourceTree = "<group>"; };
		288484931F31E4E50099CE66 /* XSCHomeVC.m */ = {isa = PBXFileReference; fileEncoding = 4; lastKnownFileType = sourcecode.c.objc; path = XSCHomeVC.m; sourceTree = "<group>"; };
		288484951F31E5110099CE66 /* XSCCategoryVC.h */ = {isa = PBXFileReference; fileEncoding = 4; lastKnownFileType = sourcecode.c.h; path = XSCCategoryVC.h; sourceTree = "<group>"; };
		288484961F31E5110099CE66 /* XSCCategoryVC.m */ = {isa = PBXFileReference; fileEncoding = 4; lastKnownFileType = sourcecode.c.objc; path = XSCCategoryVC.m; sourceTree = "<group>"; };
		288484981F31E53A0099CE66 /* XSCShoppingCarVC.h */ = {isa = PBXFileReference; fileEncoding = 4; lastKnownFileType = sourcecode.c.h; path = XSCShoppingCarVC.h; sourceTree = "<group>"; };
		288484991F31E53A0099CE66 /* XSCShoppingCarVC.m */ = {isa = PBXFileReference; fileEncoding = 4; lastKnownFileType = sourcecode.c.objc; path = XSCShoppingCarVC.m; sourceTree = "<group>"; };
		2884849B1F31E5B20099CE66 /* XSCMyAccountVC.h */ = {isa = PBXFileReference; fileEncoding = 4; lastKnownFileType = sourcecode.c.h; path = XSCMyAccountVC.h; sourceTree = "<group>"; };
		2884849C1F31E5B20099CE66 /* XSCMyAccountVC.m */ = {isa = PBXFileReference; fileEncoding = 4; lastKnownFileType = sourcecode.c.objc; path = XSCMyAccountVC.m; sourceTree = "<group>"; };
		28A05D8B1F53FE6300EE01B1 /* XSCGoodsGridCell.h */ = {isa = PBXFileReference; fileEncoding = 4; lastKnownFileType = sourcecode.c.h; path = XSCGoodsGridCell.h; sourceTree = "<group>"; };
		28A05D8C1F53FE6300EE01B1 /* XSCGoodsGridCell.m */ = {isa = PBXFileReference; fileEncoding = 4; lastKnownFileType = sourcecode.c.objc; path = XSCGoodsGridCell.m; sourceTree = "<group>"; };
		28A05D8E1F53FE9B00EE01B1 /* XSCGoodsCountDownCell.h */ = {isa = PBXFileReference; fileEncoding = 4; lastKnownFileType = sourcecode.c.h; path = XSCGoodsCountDownCell.h; sourceTree = "<group>"; };
		28A05D8F1F53FE9B00EE01B1 /* XSCGoodsCountDownCell.m */ = {isa = PBXFileReference; fileEncoding = 4; lastKnownFileType = sourcecode.c.objc; path = XSCGoodsCountDownCell.m; sourceTree = "<group>"; };
		28A05D911F540C2700EE01B1 /* GTCollectionViewFlowLayout.h */ = {isa = PBXFileReference; fileEncoding = 4; lastKnownFileType = sourcecode.c.h; path = GTCollectionViewFlowLayout.h; sourceTree = "<group>"; };
		28A05D921F540C2700EE01B1 /* GTCollectionViewFlowLayout.m */ = {isa = PBXFileReference; fileEncoding = 4; lastKnownFileType = sourcecode.c.objc; path = GTCollectionViewFlowLayout.m; sourceTree = "<group>"; };
		28A05D961F5413F400EE01B1 /* ClasiftyGoods.plist */ = {isa = PBXFileReference; fileEncoding = 4; lastKnownFileType = text.plist.xml; path = ClasiftyGoods.plist; sourceTree = "<group>"; };
		28A05D971F5413F400EE01B1 /* ClassiftyGoods01.plist */ = {isa = PBXFileReference; fileEncoding = 4; lastKnownFileType = text.plist.xml; path = ClassiftyGoods01.plist; sourceTree = "<group>"; };
		28A05D981F5413F400EE01B1 /* ClassiftyGoods02.plist */ = {isa = PBXFileReference; fileEncoding = 4; lastKnownFileType = text.plist.xml; path = ClassiftyGoods02.plist; sourceTree = "<group>"; };
		28A05D991F5413F400EE01B1 /* ClassiftyGoods03.plist */ = {isa = PBXFileReference; fileEncoding = 4; lastKnownFileType = text.plist.xml; path = ClassiftyGoods03.plist; sourceTree = "<group>"; };
		28A05D9A1F5413F400EE01B1 /* ClassifyTitles.plist */ = {isa = PBXFileReference; fileEncoding = 4; lastKnownFileType = text.plist.xml; path = ClassifyTitles.plist; sourceTree = "<group>"; };
		28A05D9B1F5413F400EE01B1 /* DetailRecommend.plist */ = {isa = PBXFileReference; fileEncoding = 4; lastKnownFileType = text.plist.xml; path = DetailRecommend.plist; sourceTree = "<group>"; };
		28A05D9C1F5413F400EE01B1 /* FiltrateItem.plist */ = {isa = PBXFileReference; fileEncoding = 4; lastKnownFileType = text.plist.xml; path = FiltrateItem.plist; sourceTree = "<group>"; };
		28A05D9D1F5413F400EE01B1 /* FootprintGoods.plist */ = {isa = PBXFileReference; fileEncoding = 4; lastKnownFileType = text.plist.xml; path = FootprintGoods.plist; sourceTree = "<group>"; };
		28A05D9E1F5413F400EE01B1 /* shareTerrace.plist */ = {isa = PBXFileReference; fileEncoding = 4; lastKnownFileType = text.plist.xml; path = shareTerrace.plist; sourceTree = "<group>"; };
		28A05D9F1F5413F400EE01B1 /* ShopItem.plist */ = {isa = PBXFileReference; fileEncoding = 4; lastKnownFileType = text.plist.xml; path = ShopItem.plist; sourceTree = "<group>"; };
		28A05DA11F5413F400EE01B1 /* CommentPic.plist */ = {isa = PBXFileReference; fileEncoding = 4; lastKnownFileType = text.plist.xml; path = CommentPic.plist; sourceTree = "<group>"; };
		28A05DA21F5413F400EE01B1 /* DeliveryAdress.plist */ = {isa = PBXFileReference; fileEncoding = 4; lastKnownFileType = text.plist.xml; path = DeliveryAdress.plist; sourceTree = "<group>"; };
		28A05DA31F5413F400EE01B1 /* MessageNote.plist */ = {isa = PBXFileReference; fileEncoding = 4; lastKnownFileType = text.plist.xml; path = MessageNote.plist; sourceTree = "<group>"; };
		28A05DA41F5413F400EE01B1 /* MyBuyFlow.plist */ = {isa = PBXFileReference; fileEncoding = 4; lastKnownFileType = text.plist.xml; path = MyBuyFlow.plist; sourceTree = "<group>"; };
		28A05DA51F5413F400EE01B1 /* MyRecreationFlow.plist */ = {isa = PBXFileReference; fileEncoding = 4; lastKnownFileType = text.plist.xml; path = MyRecreationFlow.plist; sourceTree = "<group>"; };
		28A05DA61F5413F400EE01B1 /* YouLikeGoods.plist */ = {isa = PBXFileReference; fileEncoding = 4; lastKnownFileType = text.plist.xml; path = YouLikeGoods.plist; sourceTree = "<group>"; };
		28A05DA81F5413F400EE01B1 /* RecommendShop.plist */ = {isa = PBXFileReference; fileEncoding = 4; lastKnownFileType = text.plist.xml; path = RecommendShop.plist; sourceTree = "<group>"; };
		28A05DAA1F5413F400EE01B1 /* CountDownShop.plist */ = {isa = PBXFileReference; fileEncoding = 4; lastKnownFileType = text.plist.xml; path = CountDownShop.plist; sourceTree = "<group>"; };
		28A05DAB1F5413F400EE01B1 /* GoodsGrid.plist */ = {isa = PBXFileReference; fileEncoding = 4; lastKnownFileType = text.plist.xml; path = GoodsGrid.plist; sourceTree = "<group>"; };
		28A05DAC1F5413F400EE01B1 /* HomeHighGoods.plist */ = {isa = PBXFileReference; fileEncoding = 4; lastKnownFileType = text.plist.xml; path = HomeHighGoods.plist; sourceTree = "<group>"; };
		28A05DC11F54145400EE01B1 /* XSCGoodsGridsModel.h */ = {isa = PBXFileReference; fileEncoding = 4; lastKnownFileType = sourcecode.c.h; path = XSCGoodsGridsModel.h; sourceTree = "<group>"; };
		28A05DC21F54145400EE01B1 /* XSCGoodsGridsModel.m */ = {isa = PBXFileReference; fileEncoding = 4; lastKnownFileType = sourcecode.c.objc; path = XSCGoodsGridsModel.m; sourceTree = "<group>"; };
		28A05DC41F54147D00EE01B1 /* XSCRecommendModel.h */ = {isa = PBXFileReference; fileEncoding = 4; lastKnownFileType = sourcecode.c.h; path = XSCRecommendModel.h; sourceTree = "<group>"; };
		28A05DC51F54147D00EE01B1 /* XSCRecommendModel.m */ = {isa = PBXFileReference; fileEncoding = 4; lastKnownFileType = sourcecode.c.objc; path = XSCRecommendModel.m; sourceTree = "<group>"; };
		28E30E131F5FA30A00AA7064 /* categeryButton.h */ = {isa = PBXFileReference; fileEncoding = 4; lastKnownFileType = sourcecode.c.h; path = categeryButton.h; sourceTree = "<group>"; };
		28E30E141F5FA30A00AA7064 /* categeryButton.m */ = {isa = PBXFileReference; fileEncoding = 4; lastKnownFileType = sourcecode.c.objc; path = categeryButton.m; sourceTree = "<group>"; };
		28E30E161F5FA31300AA7064 /* JFTLabel.h */ = {isa = PBXFileReference; fileEncoding = 4; lastKnownFileType = sourcecode.c.h; path = JFTLabel.h; sourceTree = "<group>"; };
		28E30E171F5FA31300AA7064 /* JFTLabel.m */ = {isa = PBXFileReference; fileEncoding = 4; lastKnownFileType = sourcecode.c.objc; path = JFTLabel.m; sourceTree = "<group>"; };
		28E6B0241F4FF423004036AC /* XSCTabBar.h */ = {isa = PBXFileReference; fileEncoding = 4; lastKnownFileType = sourcecode.c.h; path = XSCTabBar.h; sourceTree = "<group>"; };
		28E6B0251F4FF423004036AC /* XSCTabBar.m */ = {isa = PBXFileReference; fileEncoding = 4; lastKnownFileType = sourcecode.c.objc; path = XSCTabBar.m; sourceTree = "<group>"; };
		28E6B0271F4FF685004036AC /* XSCElectricPCH.pch */ = {isa = PBXFileReference; lastKnownFileType = sourcecode.c.h; path = XSCElectricPCH.pch; sourceTree = "<group>"; };
		57D391AC971FC65E1B92F189 /* libPods-ElectricBusinessPlatform.a */ = {isa = PBXFileReference; explicitFileType = archive.ar; includeInIndex = 0; path = "libPods-ElectricBusinessPlatform.a"; sourceTree = BUILT_PRODUCTS_DIR; };
		E5A8193ADAFE1346D0E5AD60 /* Pods-ElectricBusinessPlatform.debug.xcconfig */ = {isa = PBXFileReference; includeInIndex = 1; lastKnownFileType = text.xcconfig; name = "Pods-ElectricBusinessPlatform.debug.xcconfig"; path = "Pods/Target Support Files/Pods-ElectricBusinessPlatform/Pods-ElectricBusinessPlatform.debug.xcconfig"; sourceTree = "<group>"; };
		F3776453A5D5B4EBED45D265 /* Pods-ElectricBusinessPlatform.release.xcconfig */ = {isa = PBXFileReference; includeInIndex = 1; lastKnownFileType = text.xcconfig; name = "Pods-ElectricBusinessPlatform.release.xcconfig"; path = "Pods/Target Support Files/Pods-ElectricBusinessPlatform/Pods-ElectricBusinessPlatform.release.xcconfig"; sourceTree = "<group>"; };
/* End PBXFileReference section */

/* Begin PBXFrameworksBuildPhase section */
		288484311F31CE400099CE66 /* Frameworks */ = {
			isa = PBXFrameworksBuildPhase;
			buildActionMask = 2147483647;
			files = (
				1841159D2290698D383BB9BE /* libPods-ElectricBusinessPlatform.a in Frameworks */,
			);
			runOnlyForDeploymentPostprocessing = 0;
		};
		2884844A1F31CE400099CE66 /* Frameworks */ = {
			isa = PBXFrameworksBuildPhase;
			buildActionMask = 2147483647;
			files = (
			);
			runOnlyForDeploymentPostprocessing = 0;
		};
		288484551F31CE400099CE66 /* Frameworks */ = {
			isa = PBXFrameworksBuildPhase;
			buildActionMask = 2147483647;
			files = (
			);
			runOnlyForDeploymentPostprocessing = 0;
		};
/* End PBXFrameworksBuildPhase section */

/* Begin PBXGroup section */
		1DE30CA6B015F247E7619042 /* Frameworks */ = {
			isa = PBXGroup;
			children = (
				57D391AC971FC65E1B92F189 /* libPods-ElectricBusinessPlatform.a */,
			);
			name = Frameworks;
			sourceTree = "<group>";
		};
		280BA9A61F60EDBC00EA2361 /* footerV */ = {
			isa = PBXGroup;
			children = (
				280BA9B41F616AC800EA2361 /* DCNumericalScrollView.h */,
				280BA9B51F616AC800EA2361 /* DCNumericalScrollView.m */,
				280BA9B71F616B0700EA2361 /* XSCSlidesFooterView.h */,
				280BA9B81F616B0700EA2361 /* XSCSlidesFooterView.m */,
				2858A7491F6249A3000E6497 /* SCScrollAdFootView.h */,
				2858A74A1F6249A3000E6497 /* SCScrollAdFootView.m */,
				2858A7521F62758B000E6497 /* SCPromptingFooterView.h */,
				2858A7531F62758B000E6497 /* SCPromptingFooterView.m */,
				284919981F6626D00069E891 /* SCGooodsBottomDetailFootView.h */,
				284919991F6626D00069E891 /* SCGooodsBottomDetailFootView.m */,
			);
			path = footerV;
			sourceTree = "<group>";
		};
		280BA9A71F60EDBC00EA2361 /* headerV */ = {
			isa = PBXGroup;
			children = (
				280BA9A81F60F1C300EA2361 /* XSCSlidesHeadView.h */,
				280BA9A91F60F1C300EA2361 /* XSCSlidesHeadView.m */,
				280BA9B11F61646B00EA2361 /* XSCCountDownheadView.h */,
				280BA9B21F61646B00EA2361 /* XSCCountDownheadView.m */,
				2858A74C1F626920000E6497 /* SCGoodsTagHeadView.h */,
				2858A74D1F626920000E6497 /* SCGoodsTagHeadView.m */,
			);
			path = headerV;
			sourceTree = "<group>";
		};
		2858A7581F6295CF000E6497 /* RichScan */ = {
			isa = PBXGroup;
			children = (
				2858A7591F6295CF000E6497 /* CodeScan.bundle */,
				2858A75A1F6295CF000E6497 /* LBXScan */,
				2858A7721F6295CF000E6497 /* subLBX */,
			);
			path = RichScan;
			sourceTree = "<group>";
		};
		2858A75A1F6295CF000E6497 /* LBXScan */ = {
			isa = PBXGroup;
			children = (
				2858A75B1F6295CF000E6497 /* LBXScanLineAnimation.h */,
				2858A75C1F6295CF000E6497 /* LBXScanLineAnimation.m */,
				2858A75D1F6295CF000E6497 /* LBXScanNative.h */,
				2858A75E1F6295CF000E6497 /* LBXScanNative.m */,
				2858A75F1F6295CF000E6497 /* LBXScanNetAnimation.h */,
				2858A7601F6295CF000E6497 /* LBXScanNetAnimation.m */,
				2858A7611F6295CF000E6497 /* LBXScanResult.h */,
				2858A7621F6295CF000E6497 /* LBXScanResult.m */,
				2858A7631F6295CF000E6497 /* LBXScanVideoZoomView.h */,
				2858A7641F6295CF000E6497 /* LBXScanVideoZoomView.m */,
				2858A7651F6295CF000E6497 /* LBXScanView.h */,
				2858A7661F6295CF000E6497 /* LBXScanView.m */,
				2858A7671F6295CF000E6497 /* LBXScanViewController.h */,
				2858A7681F6295CF000E6497 /* LBXScanViewController.m */,
				2858A7691F6295CF000E6497 /* LBXScanViewStyle.h */,
				2858A76A1F6295CF000E6497 /* LBXScanViewStyle.m */,
				2858A76B1F6295CF000E6497 /* LBXScanWrapper.h */,
				2858A76C1F6295CF000E6497 /* LBXScanWrapper.m */,
				2858A76D1F6295CF000E6497 /* LBXZXCapture.h */,
				2858A76E1F6295CF000E6497 /* LBXZXCapture.m */,
				2858A76F1F6295CF000E6497 /* LBXZXCaptureDelegate.h */,
				2858A7701F6295CF000E6497 /* ZXingWrapper.h */,
				2858A7711F6295CF000E6497 /* ZXingWrapper.m */,
			);
			path = LBXScan;
			sourceTree = "<group>";
		};
		2858A7721F6295CF000E6497 /* subLBX */ = {
			isa = PBXGroup;
			children = (
				2858A7731F6295CF000E6497 /* LBXAlertAction.h */,
				2858A7741F6295CF000E6497 /* LBXAlertAction.m */,
				2858A7751F6295CF000E6497 /* MyQRViewController.h */,
				2858A7761F6295CF000E6497 /* MyQRViewController.m */,
				2858A7771F6295CF000E6497 /* ScanResultViewController.h */,
				2858A7781F6295CF000E6497 /* ScanResultViewController.m */,
				2858A7791F6295CF000E6497 /* ScanResultViewController.xib */,
				2858A77A1F6295CF000E6497 /* SubLBXScanViewController.h */,
				2858A77B1F6295CF000E6497 /* SubLBXScanViewController.m */,
				2858A77C1F6295CF000E6497 /* UIActionSheet+LBXAlertAction.h */,
				2858A77D1F6295CF000E6497 /* UIActionSheet+LBXAlertAction.m */,
				2858A77E1F6295CF000E6497 /* UIAlertView+LBXAlertAction.h */,
				2858A77F1F6295CF000E6497 /* UIAlertView+LBXAlertAction.m */,
			);
			path = subLBX;
			sourceTree = "<group>";
		};
		2884842B1F31CE3F0099CE66 = {
			isa = PBXGroup;
			children = (
				288484361F31CE400099CE66 /* ElectricBusinessPlatform */,
				288484501F31CE400099CE66 /* ElectricBusinessPlatformTests */,
				2884845B1F31CE400099CE66 /* ElectricBusinessPlatformUITests */,
				288484351F31CE400099CE66 /* Products */,
				2DD87F255F77227B0F9E30B8 /* Pods */,
				1DE30CA6B015F247E7619042 /* Frameworks */,
			);
			sourceTree = "<group>";
		};
		288484351F31CE400099CE66 /* Products */ = {
			isa = PBXGroup;
			children = (
				288484341F31CE400099CE66 /* ElectricBusinessPlatform.app */,
				2884844D1F31CE400099CE66 /* ElectricBusinessPlatformTests.xctest */,
				288484581F31CE400099CE66 /* ElectricBusinessPlatformUITests.xctest */,
			);
			name = Products;
			sourceTree = "<group>";
		};
		288484361F31CE400099CE66 /* ElectricBusinessPlatform */ = {
			isa = PBXGroup;
			children = (
				2884846A1F31D62B0099CE66 /* Classes */,
				2884843D1F31CE400099CE66 /* ViewController.h */,
				2884843E1F31CE400099CE66 /* ViewController.m */,
				288484401F31CE400099CE66 /* Main.storyboard */,
				288484431F31CE400099CE66 /* Assets.xcassets */,
				288484451F31CE400099CE66 /* LaunchScreen.storyboard */,
				288484481F31CE400099CE66 /* Info.plist */,
				288484371F31CE400099CE66 /* Supporting Files */,
			);
			path = ElectricBusinessPlatform;
			sourceTree = "<group>";
		};
		288484371F31CE400099CE66 /* Supporting Files */ = {
			isa = PBXGroup;
			children = (
				288484381F31CE400099CE66 /* main.m */,
			);
			name = "Supporting Files";
			sourceTree = "<group>";
		};
		288484501F31CE400099CE66 /* ElectricBusinessPlatformTests */ = {
			isa = PBXGroup;
			children = (
				288484511F31CE400099CE66 /* ElectricBusinessPlatformTests.m */,
				288484531F31CE400099CE66 /* Info.plist */,
			);
			path = ElectricBusinessPlatformTests;
			sourceTree = "<group>";
		};
		2884845B1F31CE400099CE66 /* ElectricBusinessPlatformUITests */ = {
			isa = PBXGroup;
			children = (
				2884845C1F31CE400099CE66 /* ElectricBusinessPlatformUITests.m */,
				2884845E1F31CE400099CE66 /* Info.plist */,
			);
			path = ElectricBusinessPlatformUITests;
			sourceTree = "<group>";
		};
		2884846A1F31D62B0099CE66 /* Classes */ = {
			isa = PBXGroup;
			children = (
				2884847C1F31D62B0099CE66 /* Mian */,
				288484781F31D62B0099CE66 /* Home(首页) */,
				2884846B1F31D62B0099CE66 /* Classify(分类) */,
				288484871F31D62B0099CE66 /* ShoppingCar(购物车) */,
				288484821F31D62B0099CE66 /* PersonalCenter(个人中心) */,
				2884846F1F31D62B0099CE66 /* Details(商品详情) */,
				288484731F31D62B0099CE66 /* Expand(扩展) */,
				288484861F31D62B0099CE66 /* Resource */,
			);
			path = Classes;
			sourceTree = "<group>";
		};
		2884846B1F31D62B0099CE66 /* Classify(分类) */ = {
			isa = PBXGroup;
			children = (
				2884846C1F31D62B0099CE66 /* Controller */,
				2884846D1F31D62B0099CE66 /* Model */,
				2884846E1F31D62B0099CE66 /* View */,
			);
			path = "Classify(分类)";
			sourceTree = "<group>";
		};
		2884846C1F31D62B0099CE66 /* Controller */ = {
			isa = PBXGroup;
			children = (
				288484951F31E5110099CE66 /* XSCCategoryVC.h */,
				288484961F31E5110099CE66 /* XSCCategoryVC.m */,
			);
			path = Controller;
			sourceTree = "<group>";
		};
		2884846D1F31D62B0099CE66 /* Model */ = {
			isa = PBXGroup;
			children = (
			);
			path = Model;
			sourceTree = "<group>";
		};
		2884846E1F31D62B0099CE66 /* View */ = {
			isa = PBXGroup;
			children = (
			);
			path = View;
			sourceTree = "<group>";
		};
		2884846F1F31D62B0099CE66 /* Details(商品详情) */ = {
			isa = PBXGroup;
			children = (
				288484701F31D62B0099CE66 /* Controller */,
				288484711F31D62B0099CE66 /* Model */,
				288484721F31D62B0099CE66 /* View */,
			);
			path = "Details(商品详情)";
			sourceTree = "<group>";
		};
		288484701F31D62B0099CE66 /* Controller */ = {
			isa = PBXGroup;
			children = (
			);
			path = Controller;
			sourceTree = "<group>";
		};
		288484711F31D62B0099CE66 /* Model */ = {
			isa = PBXGroup;
			children = (
			);
			path = Model;
			sourceTree = "<group>";
		};
		288484721F31D62B0099CE66 /* View */ = {
			isa = PBXGroup;
			children = (
			);
			path = View;
			sourceTree = "<group>";
		};
		288484731F31D62B0099CE66 /* Expand(扩展) */ = {
			isa = PBXGroup;
			children = (
				288484741F31D62B0099CE66 /* Category(分类) */,
				288484751F31D62B0099CE66 /* Headers(头文件) */,
				288484761F31D62B0099CE66 /* Lib */,
				288484771F31D62B0099CE66 /* Tool */,
			);
			path = "Expand(扩展)";
			sourceTree = "<group>";
		};
		288484741F31D62B0099CE66 /* Category(分类) */ = {
			isa = PBXGroup;
			children = (
				2822B0A21F5FC282003027DC /* UIView+Extension.h */,
				2822B0A31F5FC282003027DC /* UIView+Extension.m */,
				2858A7551F628A35000E6497 /* UIBarButtonItem+SCBarButtonItem.h */,
				2858A7561F628A35000E6497 /* UIBarButtonItem+SCBarButtonItem.m */,
			);
			path = "Category(分类)";
			sourceTree = "<group>";
		};
		288484751F31D62B0099CE66 /* Headers(头文件) */ = {
			isa = PBXGroup;
			children = (
				28E6B0271F4FF685004036AC /* XSCElectricPCH.pch */,
			);
			path = "Headers(头文件)";
			sourceTree = "<group>";
		};
		288484761F31D62B0099CE66 /* Lib */ = {
			isa = PBXGroup;
			children = (
				2858A7581F6295CF000E6497 /* RichScan */,
			);
			path = Lib;
			sourceTree = "<group>";
		};
		288484771F31D62B0099CE66 /* Tool */ = {
			isa = PBXGroup;
			children = (
				28E30E131F5FA30A00AA7064 /* categeryButton.h */,
				28E30E141F5FA30A00AA7064 /* categeryButton.m */,
				28E30E161F5FA31300AA7064 /* JFTLabel.h */,
				28E30E171F5FA31300AA7064 /* JFTLabel.m */,
				2858A7431F62362F000E6497 /* NormalButton.h */,
				2858A7441F62362F000E6497 /* NormalButton.m */,
				2858A7461F6241D0000E6497 /* SCLeftTitleRightImg.h */,
				2858A7471F6241D0000E6497 /* SCLeftTitleRightImg.m */,
				2858A74F1F6269CF000E6497 /* SCRightImglefttitleBtn.h */,
				2858A7501F6269CF000E6497 /* SCRightImglefttitleBtn.m */,
			);
			path = Tool;
			sourceTree = "<group>";
		};
		288484781F31D62B0099CE66 /* Home(首页) */ = {
			isa = PBXGroup;
			children = (
				288484791F31D62B0099CE66 /* Controller */,
				2884847A1F31D62B0099CE66 /* Model */,
				2884847B1F31D62B0099CE66 /* View */,
			);
			path = "Home(首页)";
			sourceTree = "<group>";
		};
		288484791F31D62B0099CE66 /* Controller */ = {
			isa = PBXGroup;
			children = (
				288484921F31E4E50099CE66 /* XSCHomeVC.h */,
				288484931F31E4E50099CE66 /* XSCHomeVC.m */,
				2858A7931F629EEE000E6497 /* SCRichScanResultVC.h */,
				2858A7941F629EEE000E6497 /* SCRichScanResultVC.m */,
				28283E981F6388090011DF34 /* SCGoodsSetVC.h */,
				28283E991F6388090011DF34 /* SCGoodsSetVC.m */,
			);
			path = Controller;
			sourceTree = "<group>";
		};
		2884847A1F31D62B0099CE66 /* Model */ = {
			isa = PBXGroup;
			children = (
				28A05DC11F54145400EE01B1 /* XSCGoodsGridsModel.h */,
				28A05DC21F54145400EE01B1 /* XSCGoodsGridsModel.m */,
				28A05DC41F54147D00EE01B1 /* XSCRecommendModel.h */,
				28A05DC51F54147D00EE01B1 /* XSCRecommendModel.m */,
				2822B0A81F5FE4CD003027DC /* XSCGoodsSurplusModel.h */,
				2822B0A91F5FE4CD003027DC /* XSCGoodsSurplusModel.m */,
				2828B4541F639E0B00B0C617 /* SCGoodsSetModel.h */,
				2828B4551F639E0B00B0C617 /* SCGoodsSetModel.m */,
			);
			path = Model;
			sourceTree = "<group>";
		};
		2884847B1F31D62B0099CE66 /* View */ = {
			isa = PBXGroup;
			children = (
				280BA9A61F60EDBC00EA2361 /* footerV */,
				280BA9A71F60EDBC00EA2361 /* headerV */,
				28A05D911F540C2700EE01B1 /* GTCollectionViewFlowLayout.h */,
				28A05D921F540C2700EE01B1 /* GTCollectionViewFlowLayout.m */,
				28A05D8B1F53FE6300EE01B1 /* XSCGoodsGridCell.h */,
				28A05D8C1F53FE6300EE01B1 /* XSCGoodsGridCell.m */,
				28A05D8E1F53FE9B00EE01B1 /* XSCGoodsCountDownCell.h */,
				28A05D8F1F53FE9B00EE01B1 /* XSCGoodsCountDownCell.m */,
				2822B0A51F5FE257003027DC /* XSCGoodsSurplusCell.h */,
				2822B0A61F5FE257003027DC /* XSCGoodsSurplusCell.m */,
				2822B0AB1F5FF6B5003027DC /* XSCGoodsSectionTwoCell.h */,
				2822B0AC1F5FF6B5003027DC /* XSCGoodsSectionTwoCell.m */,
				2822B0AE1F5FFA2A003027DC /* XSCGoodsGodCell.h */,
				2822B0AF1F5FFA2A003027DC /* XSCGoodsGodCell.m */,
				2822B0B11F6010F3003027DC /* XSCGoodsSectionThirdCell.h */,
				2822B0B21F6010F3003027DC /* XSCGoodsSectionThirdCell.m */,
				2822B0B41F601C28003027DC /* XSCGoodsSectionFourthCell.h */,
				2822B0B51F601C28003027DC /* XSCGoodsSectionFourthCell.m */,
				28283E9B1F638AB50011DF34 /* SCNarSearchbarView.h */,
				28283E9C1F638AB50011DF34 /* SCNarSearchbarView.m */,
				2828B4511F639A6E00B0C617 /* SCGoodsSetCell.h */,
				2828B4521F639A6E00B0C617 /* SCGoodsSetCell.m */,
				2828B4571F63C23400B0C617 /* SCGoodsSetTwoCell.h */,
				2828B4581F63C23400B0C617 /* SCGoodsSetTwoCell.m */,
			);
			path = View;
			sourceTree = "<group>";
		};
		2884847C1F31D62B0099CE66 /* Mian */ = {
			isa = PBXGroup;
			children = (
				2884847D1F31D62B0099CE66 /* AppDelegate.h */,
				2884847E1F31D62B0099CE66 /* AppDelegate.m */,
				2884847F1F31D62B0099CE66 /* Controller */,
				288484801F31D62B0099CE66 /* Model */,
				288484811F31D62B0099CE66 /* View */,
			);
			path = Mian;
			sourceTree = "<group>";
		};
		2884847F1F31D62B0099CE66 /* Controller */ = {
			isa = PBXGroup;
			children = (
				2884848C1F31D6CD0099CE66 /* XSCNavigationController.h */,
				2884848D1F31D6CD0099CE66 /* XSCNavigationController.m */,
				2884848F1F31D6FA0099CE66 /* XSCTabBarVC.h */,
				288484901F31D6FA0099CE66 /* XSCTabBarVC.m */,
			);
			path = Controller;
			sourceTree = "<group>";
		};
		288484801F31D62B0099CE66 /* Model */ = {
			isa = PBXGroup;
			children = (
			);
			path = Model;
			sourceTree = "<group>";
		};
		288484811F31D62B0099CE66 /* View */ = {
			isa = PBXGroup;
			children = (
				28E6B0241F4FF423004036AC /* XSCTabBar.h */,
				28E6B0251F4FF423004036AC /* XSCTabBar.m */,
			);
			path = View;
			sourceTree = "<group>";
		};
		288484821F31D62B0099CE66 /* PersonalCenter(个人中心) */ = {
			isa = PBXGroup;
			children = (
				288484831F31D62B0099CE66 /* Controller */,
				288484841F31D62B0099CE66 /* Model */,
				288484851F31D62B0099CE66 /* View */,
			);
			path = "PersonalCenter(个人中心)";
			sourceTree = "<group>";
		};
		288484831F31D62B0099CE66 /* Controller */ = {
			isa = PBXGroup;
			children = (
				2884849B1F31E5B20099CE66 /* XSCMyAccountVC.h */,
				2884849C1F31E5B20099CE66 /* XSCMyAccountVC.m */,
			);
			path = Controller;
			sourceTree = "<group>";
		};
		288484841F31D62B0099CE66 /* Model */ = {
			isa = PBXGroup;
			children = (
			);
			path = Model;
			sourceTree = "<group>";
		};
		288484851F31D62B0099CE66 /* View */ = {
			isa = PBXGroup;
			children = (
			);
			path = View;
			sourceTree = "<group>";
		};
		288484861F31D62B0099CE66 /* Resource */ = {
			isa = PBXGroup;
			children = (
				28A05D941F5413F400EE01B1 /* Plist */,
			);
			path = Resource;
			sourceTree = "<group>";
		};
		288484871F31D62B0099CE66 /* ShoppingCar(购物车) */ = {
			isa = PBXGroup;
			children = (
				288484881F31D62B0099CE66 /* Controller */,
				288484891F31D62B0099CE66 /* Model */,
				2884848A1F31D62B0099CE66 /* View */,
			);
			path = "ShoppingCar(购物车)";
			sourceTree = "<group>";
		};
		288484881F31D62B0099CE66 /* Controller */ = {
			isa = PBXGroup;
			children = (
				288484981F31E53A0099CE66 /* XSCShoppingCarVC.h */,
				288484991F31E53A0099CE66 /* XSCShoppingCarVC.m */,
			);
			path = Controller;
			sourceTree = "<group>";
		};
		288484891F31D62B0099CE66 /* Model */ = {
			isa = PBXGroup;
			children = (
			);
			path = Model;
			sourceTree = "<group>";
		};
		2884848A1F31D62B0099CE66 /* View */ = {
			isa = PBXGroup;
			children = (
			);
			path = View;
			sourceTree = "<group>";
		};
		28A05D941F5413F400EE01B1 /* Plist */ = {
			isa = PBXGroup;
			children = (
				28A05D951F5413F400EE01B1 /* 分类Plist */,
				28A05DA01F5413F400EE01B1 /* 我的Plist */,
				28A05DA71F5413F400EE01B1 /* 购物车Plist */,
				28A05DA91F5413F400EE01B1 /* 首页Plist */,
			);
			path = Plist;
			sourceTree = "<group>";
		};
		28A05D951F5413F400EE01B1 /* 分类Plist */ = {
			isa = PBXGroup;
			children = (
				28A05D961F5413F400EE01B1 /* ClasiftyGoods.plist */,
				28A05D971F5413F400EE01B1 /* ClassiftyGoods01.plist */,
				28A05D981F5413F400EE01B1 /* ClassiftyGoods02.plist */,
				28A05D991F5413F400EE01B1 /* ClassiftyGoods03.plist */,
				28A05D9A1F5413F400EE01B1 /* ClassifyTitles.plist */,
				28A05D9B1F5413F400EE01B1 /* DetailRecommend.plist */,
				28A05D9C1F5413F400EE01B1 /* FiltrateItem.plist */,
				28A05D9D1F5413F400EE01B1 /* FootprintGoods.plist */,
				28A05D9E1F5413F400EE01B1 /* shareTerrace.plist */,
				28A05D9F1F5413F400EE01B1 /* ShopItem.plist */,
			);
			path = "分类Plist";
			sourceTree = "<group>";
		};
		28A05DA01F5413F400EE01B1 /* 我的Plist */ = {
			isa = PBXGroup;
			children = (
				28A05DA11F5413F400EE01B1 /* CommentPic.plist */,
				28A05DA21F5413F400EE01B1 /* DeliveryAdress.plist */,
				28A05DA31F5413F400EE01B1 /* MessageNote.plist */,
				28A05DA41F5413F400EE01B1 /* MyBuyFlow.plist */,
				28A05DA51F5413F400EE01B1 /* MyRecreationFlow.plist */,
				28A05DA61F5413F400EE01B1 /* YouLikeGoods.plist */,
			);
			path = "我的Plist";
			sourceTree = "<group>";
		};
		28A05DA71F5413F400EE01B1 /* 购物车Plist */ = {
			isa = PBXGroup;
			children = (
				28A05DA81F5413F400EE01B1 /* RecommendShop.plist */,
			);
			path = "购物车Plist";
			sourceTree = "<group>";
		};
		28A05DA91F5413F400EE01B1 /* 首页Plist */ = {
			isa = PBXGroup;
			children = (
				28A05DAA1F5413F400EE01B1 /* CountDownShop.plist */,
				28A05DAB1F5413F400EE01B1 /* GoodsGrid.plist */,
				28A05DAC1F5413F400EE01B1 /* HomeHighGoods.plist */,
			);
			path = "首页Plist";
			sourceTree = "<group>";
		};
		2DD87F255F77227B0F9E30B8 /* Pods */ = {
			isa = PBXGroup;
			children = (
				E5A8193ADAFE1346D0E5AD60 /* Pods-ElectricBusinessPlatform.debug.xcconfig */,
				F3776453A5D5B4EBED45D265 /* Pods-ElectricBusinessPlatform.release.xcconfig */,
			);
			name = Pods;
			sourceTree = "<group>";
		};
/* End PBXGroup section */

/* Begin PBXNativeTarget section */
		288484331F31CE400099CE66 /* ElectricBusinessPlatform */ = {
			isa = PBXNativeTarget;
			buildConfigurationList = 288484611F31CE400099CE66 /* Build configuration list for PBXNativeTarget "ElectricBusinessPlatform" */;
			buildPhases = (
				00CCB0DC4CF19C6FAC0E486C /* [CP] Check Pods Manifest.lock */,
				288484301F31CE400099CE66 /* Sources */,
				288484311F31CE400099CE66 /* Frameworks */,
				288484321F31CE400099CE66 /* Resources */,
				5CD3153034DD61C4453373C1 /* [CP] Embed Pods Frameworks */,
				E9C90F1221711659EF1C65BE /* [CP] Copy Pods Resources */,
			);
			buildRules = (
			);
			dependencies = (
			);
			name = ElectricBusinessPlatform;
			productName = ElectricBusinessPlatform;
			productReference = 288484341F31CE400099CE66 /* ElectricBusinessPlatform.app */;
			productType = "com.apple.product-type.application";
		};
		2884844C1F31CE400099CE66 /* ElectricBusinessPlatformTests */ = {
			isa = PBXNativeTarget;
			buildConfigurationList = 288484641F31CE400099CE66 /* Build configuration list for PBXNativeTarget "ElectricBusinessPlatformTests" */;
			buildPhases = (
				288484491F31CE400099CE66 /* Sources */,
				2884844A1F31CE400099CE66 /* Frameworks */,
				2884844B1F31CE400099CE66 /* Resources */,
			);
			buildRules = (
			);
			dependencies = (
				2884844F1F31CE400099CE66 /* PBXTargetDependency */,
			);
			name = ElectricBusinessPlatformTests;
			productName = ElectricBusinessPlatformTests;
			productReference = 2884844D1F31CE400099CE66 /* ElectricBusinessPlatformTests.xctest */;
			productType = "com.apple.product-type.bundle.unit-test";
		};
		288484571F31CE400099CE66 /* ElectricBusinessPlatformUITests */ = {
			isa = PBXNativeTarget;
			buildConfigurationList = 288484671F31CE400099CE66 /* Build configuration list for PBXNativeTarget "ElectricBusinessPlatformUITests" */;
			buildPhases = (
				288484541F31CE400099CE66 /* Sources */,
				288484551F31CE400099CE66 /* Frameworks */,
				288484561F31CE400099CE66 /* Resources */,
			);
			buildRules = (
			);
			dependencies = (
				2884845A1F31CE400099CE66 /* PBXTargetDependency */,
			);
			name = ElectricBusinessPlatformUITests;
			productName = ElectricBusinessPlatformUITests;
			productReference = 288484581F31CE400099CE66 /* ElectricBusinessPlatformUITests.xctest */;
			productType = "com.apple.product-type.bundle.ui-testing";
		};
/* End PBXNativeTarget section */

/* Begin PBXProject section */
		2884842C1F31CE400099CE66 /* Project object */ = {
			isa = PBXProject;
			attributes = {
				LastUpgradeCheck = 0830;
				ORGANIZATIONNAME = XieShichang;
				TargetAttributes = {
					288484331F31CE400099CE66 = {
						CreatedOnToolsVersion = 8.3.3;
						DevelopmentTeam = 23T7BTJDYM;
						ProvisioningStyle = Automatic;
					};
					2884844C1F31CE400099CE66 = {
						CreatedOnToolsVersion = 8.3.3;
						ProvisioningStyle = Automatic;
						TestTargetID = 288484331F31CE400099CE66;
					};
					288484571F31CE400099CE66 = {
						CreatedOnToolsVersion = 8.3.3;
						ProvisioningStyle = Automatic;
						TestTargetID = 288484331F31CE400099CE66;
					};
				};
			};
			buildConfigurationList = 2884842F1F31CE400099CE66 /* Build configuration list for PBXProject "ElectricBusinessPlatform" */;
			compatibilityVersion = "Xcode 3.2";
			developmentRegion = English;
			hasScannedForEncodings = 0;
			knownRegions = (
				en,
				Base,
			);
			mainGroup = 2884842B1F31CE3F0099CE66;
			productRefGroup = 288484351F31CE400099CE66 /* Products */;
			projectDirPath = "";
			projectRoot = "";
			targets = (
				288484331F31CE400099CE66 /* ElectricBusinessPlatform */,
				2884844C1F31CE400099CE66 /* ElectricBusinessPlatformTests */,
				288484571F31CE400099CE66 /* ElectricBusinessPlatformUITests */,
			);
		};
/* End PBXProject section */

/* Begin PBXResourcesBuildPhase section */
		288484321F31CE400099CE66 /* Resources */ = {
			isa = PBXResourcesBuildPhase;
			buildActionMask = 2147483647;
			files = (
				28A05DAD1F5413F400EE01B1 /* ClasiftyGoods.plist in Resources */,
				28A05DBF1F5413F400EE01B1 /* GoodsGrid.plist in Resources */,
				28A05DB71F5413F400EE01B1 /* CommentPic.plist in Resources */,
				28A05DBC1F5413F400EE01B1 /* YouLikeGoods.plist in Resources */,
				28A05DB41F5413F400EE01B1 /* FootprintGoods.plist in Resources */,
				28A05DB11F5413F400EE01B1 /* ClassifyTitles.plist in Resources */,
				28A05DBB1F5413F400EE01B1 /* MyRecreationFlow.plist in Resources */,
				2858A7801F6295CF000E6497 /* CodeScan.bundle in Resources */,
				28A05DBE1F5413F400EE01B1 /* CountDownShop.plist in Resources */,
				28A05DC01F5413F400EE01B1 /* HomeHighGoods.plist in Resources */,
				288484471F31CE400099CE66 /* LaunchScreen.storyboard in Resources */,
				2858A78F1F6295CF000E6497 /* ScanResultViewController.xib in Resources */,
				28A05DAF1F5413F400EE01B1 /* ClassiftyGoods02.plist in Resources */,
				28A05DB91F5413F400EE01B1 /* MessageNote.plist in Resources */,
				28A05DBA1F5413F400EE01B1 /* MyBuyFlow.plist in Resources */,
				28A05DB61F5413F400EE01B1 /* ShopItem.plist in Resources */,
				28A05DB31F5413F400EE01B1 /* FiltrateItem.plist in Resources */,
				28A05DB81F5413F400EE01B1 /* DeliveryAdress.plist in Resources */,
				28A05DBD1F5413F400EE01B1 /* RecommendShop.plist in Resources */,
				288484441F31CE400099CE66 /* Assets.xcassets in Resources */,
				28A05DAE1F5413F400EE01B1 /* ClassiftyGoods01.plist in Resources */,
				28A05DB21F5413F400EE01B1 /* DetailRecommend.plist in Resources */,
				28A05DB51F5413F400EE01B1 /* shareTerrace.plist in Resources */,
				288484421F31CE400099CE66 /* Main.storyboard in Resources */,
				28A05DB01F5413F400EE01B1 /* ClassiftyGoods03.plist in Resources */,
			);
			runOnlyForDeploymentPostprocessing = 0;
		};
		2884844B1F31CE400099CE66 /* Resources */ = {
			isa = PBXResourcesBuildPhase;
			buildActionMask = 2147483647;
			files = (
			);
			runOnlyForDeploymentPostprocessing = 0;
		};
		288484561F31CE400099CE66 /* Resources */ = {
			isa = PBXResourcesBuildPhase;
			buildActionMask = 2147483647;
			files = (
			);
			runOnlyForDeploymentPostprocessing = 0;
		};
/* End PBXResourcesBuildPhase section */

/* Begin PBXShellScriptBuildPhase section */
		00CCB0DC4CF19C6FAC0E486C /* [CP] Check Pods Manifest.lock */ = {
			isa = PBXShellScriptBuildPhase;
			buildActionMask = 2147483647;
			files = (
			);
			inputPaths = (
			);
			name = "[CP] Check Pods Manifest.lock";
			outputPaths = (
			);
			runOnlyForDeploymentPostprocessing = 0;
			shellPath = /bin/sh;
			shellScript = "diff \"${PODS_PODFILE_DIR_PATH}/Podfile.lock\" \"${PODS_ROOT}/Manifest.lock\" > /dev/null\nif [ $? != 0 ] ; then\n    # print error to STDERR\n    echo \"error: The sandbox is not in sync with the Podfile.lock. Run 'pod install' or update your CocoaPods installation.\" >&2\n    exit 1\nfi\n";
			showEnvVarsInLog = 0;
		};
		5CD3153034DD61C4453373C1 /* [CP] Embed Pods Frameworks */ = {
			isa = PBXShellScriptBuildPhase;
			buildActionMask = 2147483647;
			files = (
			);
			inputPaths = (
			);
			name = "[CP] Embed Pods Frameworks";
			outputPaths = (
			);
			runOnlyForDeploymentPostprocessing = 0;
			shellPath = /bin/sh;
			shellScript = "\"${SRCROOT}/Pods/Target Support Files/Pods-ElectricBusinessPlatform/Pods-ElectricBusinessPlatform-frameworks.sh\"\n";
			showEnvVarsInLog = 0;
		};
		E9C90F1221711659EF1C65BE /* [CP] Copy Pods Resources */ = {
			isa = PBXShellScriptBuildPhase;
			buildActionMask = 2147483647;
			files = (
			);
			inputPaths = (
			);
			name = "[CP] Copy Pods Resources";
			outputPaths = (
			);
			runOnlyForDeploymentPostprocessing = 0;
			shellPath = /bin/sh;
			shellScript = "\"${SRCROOT}/Pods/Target Support Files/Pods-ElectricBusinessPlatform/Pods-ElectricBusinessPlatform-resources.sh\"\n";
			showEnvVarsInLog = 0;
		};
/* End PBXShellScriptBuildPhase section */

/* Begin PBXSourcesBuildPhase section */
		288484301F31CE400099CE66 /* Sources */ = {
			isa = PBXSourcesBuildPhase;
			buildActionMask = 2147483647;
			files = (
				280BA9B91F616B0700EA2361 /* XSCSlidesFooterView.m in Sources */,
				2828B4531F639A6E00B0C617 /* SCGoodsSetCell.m in Sources */,
				2858A7511F6269CF000E6497 /* SCRightImglefttitleBtn.m in Sources */,
				2822B0A41F5FC282003027DC /* UIView+Extension.m in Sources */,
				2822B0B31F6010F3003027DC /* XSCGoodsSectionThirdCell.m in Sources */,
				2884849D1F31E5B20099CE66 /* XSCMyAccountVC.m in Sources */,
				2858A7481F6241D0000E6497 /* SCLeftTitleRightImg.m in Sources */,
				2822B0B01F5FFA2A003027DC /* XSCGoodsGodCell.m in Sources */,
				28E30E181F5FA31300AA7064 /* JFTLabel.m in Sources */,
				2828B4561F639E0B00B0C617 /* SCGoodsSetModel.m in Sources */,
				280BA9B31F61646B00EA2361 /* XSCCountDownheadView.m in Sources */,
				2858A7951F629EEE000E6497 /* SCRichScanResultVC.m in Sources */,
				280BA9B61F616AC800EA2361 /* DCNumericalScrollView.m in Sources */,
				2858A7821F6295CF000E6497 /* LBXScanNative.m in Sources */,
				28A05D931F540C2700EE01B1 /* GTCollectionViewFlowLayout.m in Sources */,
				2858A74E1F626920000E6497 /* SCGoodsTagHeadView.m in Sources */,
				2828B4591F63C23400B0C617 /* SCGoodsSetTwoCell.m in Sources */,
				2858A7541F62758B000E6497 /* SCPromptingFooterView.m in Sources */,
				288484941F31E4E50099CE66 /* XSCHomeVC.m in Sources */,
				2858A7891F6295CF000E6497 /* LBXScanWrapper.m in Sources */,
				2884848B1F31D62B0099CE66 /* AppDelegate.m in Sources */,
				2858A7861F6295CF000E6497 /* LBXScanView.m in Sources */,
				2884849A1F31E53A0099CE66 /* XSCShoppingCarVC.m in Sources */,
				28A05DC31F54145400EE01B1 /* XSCGoodsGridsModel.m in Sources */,
				2858A7571F628A35000E6497 /* UIBarButtonItem+SCBarButtonItem.m in Sources */,
				28283E9D1F638AB50011DF34 /* SCNarSearchbarView.m in Sources */,
				2858A7911F6295CF000E6497 /* UIActionSheet+LBXAlertAction.m in Sources */,
				2884843F1F31CE400099CE66 /* ViewController.m in Sources */,
				2822B0AD1F5FF6B5003027DC /* XSCGoodsSectionTwoCell.m in Sources */,
				2849199A1F6626D00069E891 /* SCGooodsBottomDetailFootView.m in Sources */,
				2858A78D1F6295CF000E6497 /* MyQRViewController.m in Sources */,
				2858A7451F62362F000E6497 /* NormalButton.m in Sources */,
				2858A78C1F6295CF000E6497 /* LBXAlertAction.m in Sources */,
				28A05D901F53FE9B00EE01B1 /* XSCGoodsCountDownCell.m in Sources */,
				2822B0B61F601C28003027DC /* XSCGoodsSectionFourthCell.m in Sources */,
				2858A78E1F6295CF000E6497 /* ScanResultViewController.m in Sources */,
				2858A7841F6295CF000E6497 /* LBXScanResult.m in Sources */,
				288484911F31D6FA0099CE66 /* XSCTabBarVC.m in Sources */,
				28A05DC61F54147D00EE01B1 /* XSCRecommendModel.m in Sources */,
				2858A7831F6295CF000E6497 /* LBXScanNetAnimation.m in Sources */,
				28A05D8D1F53FE6300EE01B1 /* XSCGoodsGridCell.m in Sources */,
				2858A78A1F6295CF000E6497 /* LBXZXCapture.m in Sources */,
				2858A7881F6295CF000E6497 /* LBXScanViewStyle.m in Sources */,
				28283E9A1F6388090011DF34 /* SCGoodsSetVC.m in Sources */,
				280BA9AA1F60F1C300EA2361 /* XSCSlidesHeadView.m in Sources */,
				28E30E151F5FA30A00AA7064 /* categeryButton.m in Sources */,
				2884848E1F31D6CD0099CE66 /* XSCNavigationController.m in Sources */,
				2858A7901F6295CF000E6497 /* SubLBXScanViewController.m in Sources */,
				2822B0A71F5FE257003027DC /* XSCGoodsSurplusCell.m in Sources */,
				2858A7871F6295CF000E6497 /* LBXScanViewController.m in Sources */,
				288484971F31E5110099CE66 /* XSCCategoryVC.m in Sources */,
				28E6B0261F4FF423004036AC /* XSCTabBar.m in Sources */,
				2858A78B1F6295CF000E6497 /* ZXingWrapper.m in Sources */,
				2858A7851F6295CF000E6497 /* LBXScanVideoZoomView.m in Sources */,
				2858A7921F6295CF000E6497 /* UIAlertView+LBXAlertAction.m in Sources */,
				2858A7811F6295CF000E6497 /* LBXScanLineAnimation.m in Sources */,
				2822B0AA1F5FE4CD003027DC /* XSCGoodsSurplusModel.m in Sources */,
				2858A74B1F6249A3000E6497 /* SCScrollAdFootView.m in Sources */,
				288484391F31CE400099CE66 /* main.m in Sources */,
			);
			runOnlyForDeploymentPostprocessing = 0;
		};
		288484491F31CE400099CE66 /* Sources */ = {
			isa = PBXSourcesBuildPhase;
			buildActionMask = 2147483647;
			files = (
				288484521F31CE400099CE66 /* ElectricBusinessPlatformTests.m in Sources */,
			);
			runOnlyForDeploymentPostprocessing = 0;
		};
		288484541F31CE400099CE66 /* Sources */ = {
			isa = PBXSourcesBuildPhase;
			buildActionMask = 2147483647;
			files = (
				2884845D1F31CE400099CE66 /* ElectricBusinessPlatformUITests.m in Sources */,
			);
			runOnlyForDeploymentPostprocessing = 0;
		};
/* End PBXSourcesBuildPhase section */

/* Begin PBXTargetDependency section */
		2884844F1F31CE400099CE66 /* PBXTargetDependency */ = {
			isa = PBXTargetDependency;
			target = 288484331F31CE400099CE66 /* ElectricBusinessPlatform */;
			targetProxy = 2884844E1F31CE400099CE66 /* PBXContainerItemProxy */;
		};
		2884845A1F31CE400099CE66 /* PBXTargetDependency */ = {
			isa = PBXTargetDependency;
			target = 288484331F31CE400099CE66 /* ElectricBusinessPlatform */;
			targetProxy = 288484591F31CE400099CE66 /* PBXContainerItemProxy */;
		};
/* End PBXTargetDependency section */

/* Begin PBXVariantGroup section */
		288484401F31CE400099CE66 /* Main.storyboard */ = {
			isa = PBXVariantGroup;
			children = (
				288484411F31CE400099CE66 /* Base */,
			);
			name = Main.storyboard;
			sourceTree = "<group>";
		};
		288484451F31CE400099CE66 /* LaunchScreen.storyboard */ = {
			isa = PBXVariantGroup;
			children = (
				288484461F31CE400099CE66 /* Base */,
			);
			name = LaunchScreen.storyboard;
			sourceTree = "<group>";
		};
/* End PBXVariantGroup section */

/* Begin XCBuildConfiguration section */
		2884845F1F31CE400099CE66 /* Debug */ = {
			isa = XCBuildConfiguration;
			buildSettings = {
				ALWAYS_SEARCH_USER_PATHS = NO;
				CLANG_ANALYZER_NONNULL = YES;
				CLANG_ANALYZER_NUMBER_OBJECT_CONVERSION = YES_AGGRESSIVE;
				CLANG_CXX_LANGUAGE_STANDARD = "gnu++0x";
				CLANG_CXX_LIBRARY = "libc++";
				CLANG_ENABLE_MODULES = YES;
				CLANG_ENABLE_OBJC_ARC = YES;
				CLANG_WARN_BOOL_CONVERSION = YES;
				CLANG_WARN_CONSTANT_CONVERSION = YES;
				CLANG_WARN_DIRECT_OBJC_ISA_USAGE = YES_ERROR;
				CLANG_WARN_DOCUMENTATION_COMMENTS = YES;
				CLANG_WARN_EMPTY_BODY = YES;
				CLANG_WARN_ENUM_CONVERSION = YES;
				CLANG_WARN_INFINITE_RECURSION = YES;
				CLANG_WARN_INT_CONVERSION = YES;
				CLANG_WARN_OBJC_ROOT_CLASS = YES_ERROR;
				CLANG_WARN_SUSPICIOUS_MOVE = YES;
				CLANG_WARN_UNREACHABLE_CODE = YES;
				CLANG_WARN__DUPLICATE_METHOD_MATCH = YES;
				CODE_SIGN_IDENTITY = "iPhone Developer";
				"CODE_SIGN_IDENTITY[sdk=iphoneos*]" = "iPhone Developer";
				COPY_PHASE_STRIP = NO;
				DEBUG_INFORMATION_FORMAT = dwarf;
				ENABLE_STRICT_OBJC_MSGSEND = YES;
				ENABLE_TESTABILITY = YES;
				GCC_C_LANGUAGE_STANDARD = gnu99;
				GCC_DYNAMIC_NO_PIC = NO;
				GCC_NO_COMMON_BLOCKS = YES;
				GCC_OPTIMIZATION_LEVEL = 0;
				GCC_PREPROCESSOR_DEFINITIONS = (
					"DEBUG=1",
					"$(inherited)",
				);
				GCC_WARN_64_TO_32_BIT_CONVERSION = YES;
				GCC_WARN_ABOUT_RETURN_TYPE = YES_ERROR;
				GCC_WARN_UNDECLARED_SELECTOR = YES;
				GCC_WARN_UNINITIALIZED_AUTOS = YES_AGGRESSIVE;
				GCC_WARN_UNUSED_FUNCTION = YES;
				GCC_WARN_UNUSED_VARIABLE = YES;
				IPHONEOS_DEPLOYMENT_TARGET = 10.3;
				MTL_ENABLE_DEBUG_INFO = YES;
				ONLY_ACTIVE_ARCH = YES;
				PROVISIONING_PROFILE = "46650d59-371e-4d05-b379-796a224f7624";
				SDKROOT = iphoneos;
			};
			name = Debug;
		};
		288484601F31CE400099CE66 /* Release */ = {
			isa = XCBuildConfiguration;
			buildSettings = {
				ALWAYS_SEARCH_USER_PATHS = NO;
				CLANG_ANALYZER_NONNULL = YES;
				CLANG_ANALYZER_NUMBER_OBJECT_CONVERSION = YES_AGGRESSIVE;
				CLANG_CXX_LANGUAGE_STANDARD = "gnu++0x";
				CLANG_CXX_LIBRARY = "libc++";
				CLANG_ENABLE_MODULES = YES;
				CLANG_ENABLE_OBJC_ARC = YES;
				CLANG_WARN_BOOL_CONVERSION = YES;
				CLANG_WARN_CONSTANT_CONVERSION = YES;
				CLANG_WARN_DIRECT_OBJC_ISA_USAGE = YES_ERROR;
				CLANG_WARN_DOCUMENTATION_COMMENTS = YES;
				CLANG_WARN_EMPTY_BODY = YES;
				CLANG_WARN_ENUM_CONVERSION = YES;
				CLANG_WARN_INFINITE_RECURSION = YES;
				CLANG_WARN_INT_CONVERSION = YES;
				CLANG_WARN_OBJC_ROOT_CLASS = YES_ERROR;
				CLANG_WARN_SUSPICIOUS_MOVE = YES;
				CLANG_WARN_UNREACHABLE_CODE = YES;
				CLANG_WARN__DUPLICATE_METHOD_MATCH = YES;
				CODE_SIGN_IDENTITY = "iPhone Developer";
				"CODE_SIGN_IDENTITY[sdk=iphoneos*]" = "iPhone Developer";
				COPY_PHASE_STRIP = NO;
				DEBUG_INFORMATION_FORMAT = "dwarf-with-dsym";
				ENABLE_NS_ASSERTIONS = NO;
				ENABLE_STRICT_OBJC_MSGSEND = YES;
				GCC_C_LANGUAGE_STANDARD = gnu99;
				GCC_NO_COMMON_BLOCKS = YES;
				GCC_WARN_64_TO_32_BIT_CONVERSION = YES;
				GCC_WARN_ABOUT_RETURN_TYPE = YES_ERROR;
				GCC_WARN_UNDECLARED_SELECTOR = YES;
				GCC_WARN_UNINITIALIZED_AUTOS = YES_AGGRESSIVE;
				GCC_WARN_UNUSED_FUNCTION = YES;
				GCC_WARN_UNUSED_VARIABLE = YES;
				IPHONEOS_DEPLOYMENT_TARGET = 10.3;
				MTL_ENABLE_DEBUG_INFO = NO;
				PROVISIONING_PROFILE = "46650d59-371e-4d05-b379-796a224f7624";
				SDKROOT = iphoneos;
				VALIDATE_PRODUCT = YES;
			};
			name = Release;
		};
		288484621F31CE400099CE66 /* Debug */ = {
			isa = XCBuildConfiguration;
			baseConfigurationReference = E5A8193ADAFE1346D0E5AD60 /* Pods-ElectricBusinessPlatform.debug.xcconfig */;
			buildSettings = {
				ASSETCATALOG_COMPILER_APPICON_NAME = AppIcon;
				CODE_SIGN_IDENTITY = "iPhone Developer";
				"CODE_SIGN_IDENTITY[sdk=iphoneos*]" = "iPhone Developer";
				DEVELOPMENT_TEAM = 23T7BTJDYM;
				GCC_PRECOMPILE_PREFIX_HEADER = YES;
				GCC_PREFIX_HEADER = "ElectricBusinessPlatform/Classes/Expand(扩展)/Headers(头文件)/XSCElectricPCH.pch";
				INFOPLIST_FILE = ElectricBusinessPlatform/Info.plist;
				IPHONEOS_DEPLOYMENT_TARGET = 8.0;
				LD_RUNPATH_SEARCH_PATHS = "$(inherited) @executable_path/Frameworks";
				PRODUCT_BUNDLE_IDENTIFIER = cn.net.xie.ElectricBusinessPlatform;
				PRODUCT_NAME = "$(TARGET_NAME)";
				PROVISIONING_PROFILE = "";
				PROVISIONING_PROFILE_SPECIFIER = "";
			};
			name = Debug;
		};
		288484631F31CE400099CE66 /* Release */ = {
			isa = XCBuildConfiguration;
			baseConfigurationReference = F3776453A5D5B4EBED45D265 /* Pods-ElectricBusinessPlatform.release.xcconfig */;
			buildSettings = {
				ASSETCATALOG_COMPILER_APPICON_NAME = AppIcon;
				CODE_SIGN_IDENTITY = "iPhone Developer";
				"CODE_SIGN_IDENTITY[sdk=iphoneos*]" = "iPhone Developer";
				DEVELOPMENT_TEAM = 23T7BTJDYM;
				GCC_PRECOMPILE_PREFIX_HEADER = YES;
				GCC_PREFIX_HEADER = "ElectricBusinessPlatform/Classes/Expand(扩展)/Headers(头文件)/XSCElectricPCH.pch";
				INFOPLIST_FILE = ElectricBusinessPlatform/Info.plist;
				IPHONEOS_DEPLOYMENT_TARGET = 8.0;
				LD_RUNPATH_SEARCH_PATHS = "$(inherited) @executable_path/Frameworks";
				PRODUCT_BUNDLE_IDENTIFIER = cn.net.xie.ElectricBusinessPlatform;
				PRODUCT_NAME = "$(TARGET_NAME)";
				PROVISIONING_PROFILE_SPECIFIER = "";
			};
			name = Release;
		};
		288484651F31CE400099CE66 /* Debug */ = {
			isa = XCBuildConfiguration;
			buildSettings = {
				BUNDLE_LOADER = "$(TEST_HOST)";
				INFOPLIST_FILE = ElectricBusinessPlatformTests/Info.plist;
				LD_RUNPATH_SEARCH_PATHS = "$(inherited) @executable_path/Frameworks @loader_path/Frameworks";
				PRODUCT_BUNDLE_IDENTIFIER = cn.net.xie.ElectricBusinessPlatformTests;
				PRODUCT_NAME = "$(TARGET_NAME)";
				TEST_HOST = "$(BUILT_PRODUCTS_DIR)/ElectricBusinessPlatform.app/ElectricBusinessPlatform";
			};
			name = Debug;
		};
		288484661F31CE400099CE66 /* Release */ = {
			isa = XCBuildConfiguration;
			buildSettings = {
				BUNDLE_LOADER = "$(TEST_HOST)";
				INFOPLIST_FILE = ElectricBusinessPlatformTests/Info.plist;
				LD_RUNPATH_SEARCH_PATHS = "$(inherited) @executable_path/Frameworks @loader_path/Frameworks";
				PRODUCT_BUNDLE_IDENTIFIER = cn.net.xie.ElectricBusinessPlatformTests;
				PRODUCT_NAME = "$(TARGET_NAME)";
				TEST_HOST = "$(BUILT_PRODUCTS_DIR)/ElectricBusinessPlatform.app/ElectricBusinessPlatform";
			};
			name = Release;
		};
		288484681F31CE400099CE66 /* Debug */ = {
			isa = XCBuildConfiguration;
			buildSettings = {
				INFOPLIST_FILE = ElectricBusinessPlatformUITests/Info.plist;
				LD_RUNPATH_SEARCH_PATHS = "$(inherited) @executable_path/Frameworks @loader_path/Frameworks";
				PRODUCT_BUNDLE_IDENTIFIER = cn.net.xie.ElectricBusinessPlatformUITests;
				PRODUCT_NAME = "$(TARGET_NAME)";
				TEST_TARGET_NAME = ElectricBusinessPlatform;
			};
			name = Debug;
		};
		288484691F31CE400099CE66 /* Release */ = {
			isa = XCBuildConfiguration;
			buildSettings = {
				INFOPLIST_FILE = ElectricBusinessPlatformUITests/Info.plist;
				LD_RUNPATH_SEARCH_PATHS = "$(inherited) @executable_path/Frameworks @loader_path/Frameworks";
				PRODUCT_BUNDLE_IDENTIFIER = cn.net.xie.ElectricBusinessPlatformUITests;
				PRODUCT_NAME = "$(TARGET_NAME)";
				TEST_TARGET_NAME = ElectricBusinessPlatform;
			};
			name = Release;
		};
/* End XCBuildConfiguration section */

/* Begin XCConfigurationList section */
		2884842F1F31CE400099CE66 /* Build configuration list for PBXProject "ElectricBusinessPlatform" */ = {
			isa = XCConfigurationList;
			buildConfigurations = (
				2884845F1F31CE400099CE66 /* Debug */,
				288484601F31CE400099CE66 /* Release */,
			);
			defaultConfigurationIsVisible = 0;
			defaultConfigurationName = Release;
		};
		288484611F31CE400099CE66 /* Build configuration list for PBXNativeTarget "ElectricBusinessPlatform" */ = {
			isa = XCConfigurationList;
			buildConfigurations = (
				288484621F31CE400099CE66 /* Debug */,
				288484631F31CE400099CE66 /* Release */,
			);
			defaultConfigurationIsVisible = 0;
			defaultConfigurationName = Release;
		};
		288484641F31CE400099CE66 /* Build configuration list for PBXNativeTarget "ElectricBusinessPlatformTests" */ = {
			isa = XCConfigurationList;
			buildConfigurations = (
				288484651F31CE400099CE66 /* Debug */,
				288484661F31CE400099CE66 /* Release */,
			);
			defaultConfigurationIsVisible = 0;
			defaultConfigurationName = Release;
		};
		288484671F31CE400099CE66 /* Build configuration list for PBXNativeTarget "ElectricBusinessPlatformUITests" */ = {
			isa = XCConfigurationList;
			buildConfigurations = (
				288484681F31CE400099CE66 /* Debug */,
				288484691F31CE400099CE66 /* Release */,
			);
			defaultConfigurationIsVisible = 0;
			defaultConfigurationName = Release;
		};
/* End XCConfigurationList section */
	};
	rootObject = 2884842C1F31CE400099CE66 /* Project object */;
}
